// !$*UTF8*$!
{
	archiveVersion = 1;
	classes = {
	};
	objectVersion = 55;
	objects = {

/* Begin PBXBuildFile section */
		A80213D328BF2C2100B6359E /* TravelOnViewModel.swift in Sources */ = {isa = PBXBuildFile; fileRef = A80213D228BF2C2100B6359E /* TravelOnViewModel.swift */; };
		A80213D528BF2C4900B6359E /* TravelOnRepository.swift in Sources */ = {isa = PBXBuildFile; fileRef = A80213D428BF2C4900B6359E /* TravelOnRepository.swift */; };
		A80213D728BF2C9800B6359E /* TravelOn.swift in Sources */ = {isa = PBXBuildFile; fileRef = A80213D628BF2C9800B6359E /* TravelOn.swift */; };
		A80213D928BF2D6C00B6359E /* Author.swift in Sources */ = {isa = PBXBuildFile; fileRef = A80213D828BF2D6C00B6359E /* Author.swift */; };
		A80213DB28BF2EA100B6359E /* TravelOnService.swift in Sources */ = {isa = PBXBuildFile; fileRef = A80213DA28BF2EA100B6359E /* TravelOnService.swift */; };
		A80213DD28BF326D00B6359E /* WebImage.swift in Sources */ = {isa = PBXBuildFile; fileRef = A80213DC28BF326D00B6359E /* WebImage.swift */; };
		A80B903628C9EA200026866A /* TravelOnDetailScreen.swift in Sources */ = {isa = PBXBuildFile; fileRef = A80B903528C9EA200026866A /* TravelOnDetailScreen.swift */; };
		A80B903A28CA0FFB0026866A /* ToggleButtonStyle.swift in Sources */ = {isa = PBXBuildFile; fileRef = A80B903928CA0FFB0026866A /* ToggleButtonStyle.swift */; };
		A80B903C28CA105F0026866A /* TravelOnComponent.swift in Sources */ = {isa = PBXBuildFile; fileRef = A80B903B28CA105F0026866A /* TravelOnComponent.swift */; };
		A813CA2E28B4EE2B000F0ADF /* ScreenSize.swift in Sources */ = {isa = PBXBuildFile; fileRef = A813CA2D28B4EE2B000F0ADF /* ScreenSize.swift */; };
		A813CA3028B4F033000F0ADF /* SNSButtonStyle.swift in Sources */ = {isa = PBXBuildFile; fileRef = A813CA2F28B4F033000F0ADF /* SNSButtonStyle.swift */; };
		A814DF7B28ED5D5500DBF383 /* CustomAlert.swift in Sources */ = {isa = PBXBuildFile; fileRef = A814DF7A28ED5D5500DBF383 /* CustomAlert.swift */; };
		A814DF7D28ED60B300DBF383 /* AlertCustomButton.swift in Sources */ = {isa = PBXBuildFile; fileRef = A814DF7C28ED60B300DBF383 /* AlertCustomButton.swift */; };
		A8212BB728F1E2FD00FD4063 /* OpinionComponent.swift in Sources */ = {isa = PBXBuildFile; fileRef = A8212BB628F1E2FD00FD4063 /* OpinionComponent.swift */; };
		A836925828C6F48D00DBDB06 /* SearchBar.swift in Sources */ = {isa = PBXBuildFile; fileRef = A836925728C6F48D00DBDB06 /* SearchBar.swift */; };
		A836925A28C72A0500DBDB06 /* Region.swift in Sources */ = {isa = PBXBuildFile; fileRef = A836925928C72A0500DBDB06 /* Region.swift */; };
		A83972EA28E430AB000E323E /* CustomToggleStyle.swift in Sources */ = {isa = PBXBuildFile; fileRef = A83972E928E430AB000E323E /* CustomToggleStyle.swift */; };
		A83DAEED28D0475B001F1F5C /* TravelOnWriteScreen.swift in Sources */ = {isa = PBXBuildFile; fileRef = A83DAEEC28D0475B001F1F5C /* TravelOnWriteScreen.swift */; };
		A83F100D28BCCCE000978711 /* TravelOnListScreen.swift in Sources */ = {isa = PBXBuildFile; fileRef = A83F100C28BCCCE000978711 /* TravelOnListScreen.swift */; };
		A84E841228B8C28600128D9B /* SignInScreen.swift in Sources */ = {isa = PBXBuildFile; fileRef = A84E841128B8C28600128D9B /* SignInScreen.swift */; };
		A8647C3A28BDA48B00D284B6 /* WriteButtonStyle.swift in Sources */ = {isa = PBXBuildFile; fileRef = A8647C3928BDA48B00D284B6 /* WriteButtonStyle.swift */; };
		A877D99828F2607D00527E21 /* Opinion.swift in Sources */ = {isa = PBXBuildFile; fileRef = A877D99728F2607D00527E21 /* Opinion.swift */; };
		A877D99A28F2654800527E21 /* OpinionViewModel.swift in Sources */ = {isa = PBXBuildFile; fileRef = A877D99928F2654800527E21 /* OpinionViewModel.swift */; };
		A877D99C28F265F000527E21 /* OpinionService.swift in Sources */ = {isa = PBXBuildFile; fileRef = A877D99B28F265F000527E21 /* OpinionService.swift */; };
		A877D99E28F2662100527E21 /* OpinionRepository.swift in Sources */ = {isa = PBXBuildFile; fileRef = A877D99D28F2662100527E21 /* OpinionRepository.swift */; };
		A8794B2F28B4E93A00959D56 /* SignUpScreen.swift in Sources */ = {isa = PBXBuildFile; fileRef = A8794B2E28B4E93A00959D56 /* SignUpScreen.swift */; };
		A8794B3128B4EB5900959D56 /* BasicButtonStyle.swift in Sources */ = {isa = PBXBuildFile; fileRef = A8794B3028B4EB5900959D56 /* BasicButtonStyle.swift */; };
		A87F6C9D28C099EE0076046E /* MyProfileScreen.swift in Sources */ = {isa = PBXBuildFile; fileRef = A87F6C9C28C099EE0076046E /* MyProfileScreen.swift */; };
		A87F6C9F28C0A1050076046E /* TopTabs.swift in Sources */ = {isa = PBXBuildFile; fileRef = A87F6C9E28C0A1050076046E /* TopTabs.swift */; };
		A87F6CA228C0A22B0076046E /* ProfileComponent.swift in Sources */ = {isa = PBXBuildFile; fileRef = A87F6CA128C0A22B0076046E /* ProfileComponent.swift */; };
		A87F6CA428C0A37A0076046E /* ProfileReviseScreen.swift in Sources */ = {isa = PBXBuildFile; fileRef = A87F6CA328C0A37A0076046E /* ProfileReviseScreen.swift */; };
		A87F6CA628C0A3AB0076046E /* SettingScreen.swift in Sources */ = {isa = PBXBuildFile; fileRef = A87F6CA528C0A3AB0076046E /* SettingScreen.swift */; };
		A89943A528EEC6140059AAC6 /* RegionPickerScreen.swift in Sources */ = {isa = PBXBuildFile; fileRef = A89943A428EEC6140059AAC6 /* RegionPickerScreen.swift */; };
		A89943A728EED89E0059AAC6 /* RegionViewModel.swift in Sources */ = {isa = PBXBuildFile; fileRef = A89943A628EED89E0059AAC6 /* RegionViewModel.swift */; };
		A8AF3DEC28D407E9009B68BE /* RegionComponent.swift in Sources */ = {isa = PBXBuildFile; fileRef = A8AF3DEB28D407E9009B68BE /* RegionComponent.swift */; };
		A8B2C29128F52D61008EA020 /* OpinionStyle.swift in Sources */ = {isa = PBXBuildFile; fileRef = A8B2C29028F52D61008EA020 /* OpinionStyle.swift */; };
		A8CD70A228F40A62007E8395 /* OpinionDetailScreen.swift in Sources */ = {isa = PBXBuildFile; fileRef = A8CD70A128F40A62007E8395 /* OpinionDetailScreen.swift */; };
		EF1E4CCF28B53A6200D985E3 /* NetworkAgent.swift in Sources */ = {isa = PBXBuildFile; fileRef = EF1E4CCE28B53A6200D985E3 /* NetworkAgent.swift */; };
		EF26CD8828C0E9DA006D0D27 /* Config.swift in Sources */ = {isa = PBXBuildFile; fileRef = EF26CD8728C0E9DA006D0D27 /* Config.swift */; };
		EF26CD8A28C0EECA006D0D27 /* PlanService.swift in Sources */ = {isa = PBXBuildFile; fileRef = EF26CD8928C0EECA006D0D27 /* PlanService.swift */; };
		EF26CD8D28C0F102006D0D27 /* MyPlanScreen.swift in Sources */ = {isa = PBXBuildFile; fileRef = EF26CD8C28C0F102006D0D27 /* MyPlanScreen.swift */; };
		EF26CD9128C0F153006D0D27 /* MyPlanList.swift in Sources */ = {isa = PBXBuildFile; fileRef = EF26CD9028C0F153006D0D27 /* MyPlanList.swift */; };
		EF26CD9328C0F15E006D0D27 /* MyPlanListViewModel.swift in Sources */ = {isa = PBXBuildFile; fileRef = EF26CD9228C0F15E006D0D27 /* MyPlanListViewModel.swift */; };
		EF26CD9528C0FF12006D0D27 /* DateFormat.swift in Sources */ = {isa = PBXBuildFile; fileRef = EF26CD9428C0FF12006D0D27 /* DateFormat.swift */; };
		EF3C060C28E0E53F003F3188 /* PlaceSearchScreen.swift in Sources */ = {isa = PBXBuildFile; fileRef = EF3C060B28E0E53F003F3188 /* PlaceSearchScreen.swift */; };
		EF3C060E28E0E666003F3188 /* PlaceSearchViewModel.swift in Sources */ = {isa = PBXBuildFile; fileRef = EF3C060D28E0E666003F3188 /* PlaceSearchViewModel.swift */; };
		EF3C061228E0EDC4003F3188 /* KakaoAPIService.swift in Sources */ = {isa = PBXBuildFile; fileRef = EF3C061128E0EDC4003F3188 /* KakaoAPIService.swift */; };
		EF3FCF1528C12A3900D48F9E /* PlanDetailScreen.swift in Sources */ = {isa = PBXBuildFile; fileRef = EF3FCF1428C12A3900D48F9E /* PlanDetailScreen.swift */; };
		EF3FCF1728C12D0800D48F9E /* PlanDetailScreenViewModel.swift in Sources */ = {isa = PBXBuildFile; fileRef = EF3FCF1628C12D0800D48F9E /* PlanDetailScreenViewModel.swift */; };
		EF3FCF1928C1345C00D48F9E /* Place.swift in Sources */ = {isa = PBXBuildFile; fileRef = EF3FCF1828C1345C00D48F9E /* Place.swift */; };
		EF3FCF1C28C135B200D48F9E /* PlaceList.swift in Sources */ = {isa = PBXBuildFile; fileRef = EF3FCF1B28C135B200D48F9E /* PlaceList.swift */; };
		EF4DD99D28E23CF500E0D072 /* Colors.xcassets in Resources */ = {isa = PBXBuildFile; fileRef = EF4DD99C28E23CF500E0D072 /* Colors.xcassets */; };
		EF4DD9A128E24CAE00E0D072 /* FAB.swift in Sources */ = {isa = PBXBuildFile; fileRef = EF4DD9A028E24CAE00E0D072 /* FAB.swift */; };
		EF6A3FC228E71A2F003F474B /* UserRepository.swift in Sources */ = {isa = PBXBuildFile; fileRef = EF6A3FC128E71A2F003F474B /* UserRepository.swift */; };
		EF6A3FC428E71EE5003F474B /* UserService.swift in Sources */ = {isa = PBXBuildFile; fileRef = EF6A3FC328E71EE5003F474B /* UserService.swift */; };
		EF6A3FC628E93A44003F474B /* PlanCreateScreen.swift in Sources */ = {isa = PBXBuildFile; fileRef = EF6A3FC528E93A44003F474B /* PlanCreateScreen.swift */; };
		EF6A3FC828E93A68003F474B /* PlanCreateViewModel.swift in Sources */ = {isa = PBXBuildFile; fileRef = EF6A3FC728E93A68003F474B /* PlanCreateViewModel.swift */; };
		EF6A3FCA28EB3D9B003F474B /* View+Extensions.swift in Sources */ = {isa = PBXBuildFile; fileRef = EF6A3FC928EB3D9B003F474B /* View+Extensions.swift */; };
		EF6ADB9D2901D9FC00A14D26 /* NcpAPIService.swift in Sources */ = {isa = PBXBuildFile; fileRef = EF6ADB9C2901D9FC00A14D26 /* NcpAPIService.swift */; };
		EF74BBF328B4D5C200E09450 /* HomeScreen.swift in Sources */ = {isa = PBXBuildFile; fileRef = EF74BBF228B4D5C200E09450 /* HomeScreen.swift */; };
		EF74BBF928B52CF200E09450 /* LaunchScreen.storyboard in Resources */ = {isa = PBXBuildFile; fileRef = EF74BBF828B52CF200E09450 /* LaunchScreen.storyboard */; };
		EF8EB5DD28F8697700F8D9EB /* ScheduleEngine.swift in Sources */ = {isa = PBXBuildFile; fileRef = EF8EB5DC28F8697700F8D9EB /* ScheduleEngine.swift */; };
		EF8EB5DF28F86F0700F8D9EB /* ODsayAPIService.swift in Sources */ = {isa = PBXBuildFile; fileRef = EF8EB5DE28F86F0700F8D9EB /* ODsayAPIService.swift */; };
		EF8FF25D28B4D0B100C053B7 /* HeyLocalApp.swift in Sources */ = {isa = PBXBuildFile; fileRef = EF8FF25C28B4D0B100C053B7 /* HeyLocalApp.swift */; };
		EF8FF26128B4D0B300C053B7 /* Assets.xcassets in Resources */ = {isa = PBXBuildFile; fileRef = EF8FF26028B4D0B300C053B7 /* Assets.xcassets */; };
		EF8FF26428B4D0B300C053B7 /* Preview Assets.xcassets in Resources */ = {isa = PBXBuildFile; fileRef = EF8FF26328B4D0B300C053B7 /* Preview Assets.xcassets */; };
		EF8FF27428B4D2D100C053B7 /* Main.swift in Sources */ = {isa = PBXBuildFile; fileRef = EF8FF27328B4D2D100C053B7 /* Main.swift */; };
		EF9D28ED28FE2DF000D2971F /* SerialQueue.swift in Sources */ = {isa = PBXBuildFile; fileRef = EF9D28EC28FE2DF000D2971F /* SerialQueue.swift */; };
		EFAA2AC328BBC30E00B56A3C /* AuthRepository.swift in Sources */ = {isa = PBXBuildFile; fileRef = EFAA2AC228BBC30E00B56A3C /* AuthRepository.swift */; };
		EFAA2AC528BBC48400B56A3C /* AuthService.swift in Sources */ = {isa = PBXBuildFile; fileRef = EFAA2AC428BBC48400B56A3C /* AuthService.swift */; };
		EFAA2AC928BBCF6E00B56A3C /* Auth.swift in Sources */ = {isa = PBXBuildFile; fileRef = EFAA2AC828BBCF6E00B56A3C /* Auth.swift */; };
		EFAA2ACD28BBD19400B56A3C /* SignInScreenTest.swift in Sources */ = {isa = PBXBuildFile; fileRef = EFAA2ACC28BBD19400B56A3C /* SignInScreenTest.swift */; };
		EFDC441B28C0735400E8747C /* PlanRepository.swift in Sources */ = {isa = PBXBuildFile; fileRef = EFDC441A28C0735400E8747C /* PlanRepository.swift */; };
		EFDC441D28C073E000E8747C /* Plan.swift in Sources */ = {isa = PBXBuildFile; fileRef = EFDC441C28C073E000E8747C /* Plan.swift */; };
		EFF223B028F4A03E00E6781D /* FlatLinkStyle.swift in Sources */ = {isa = PBXBuildFile; fileRef = EFF223AF28F4A03E00E6781D /* FlatLinkStyle.swift */; };
		EFF223B228F4B33F00E6781D /* BackButton.swift in Sources */ = {isa = PBXBuildFile; fileRef = EFF223B128F4B33F00E6781D /* BackButton.swift */; };
		EFF9F39528C5523200E9FCB3 /* map_pinup_custom@3x.png in Resources */ = {isa = PBXBuildFile; fileRef = EFF9F37028C5523200E9FCB3 /* map_pinup_custom@3x.png */; };
		EFF9F39628C5523200E9FCB3 /* map_pin_custom.png in Resources */ = {isa = PBXBuildFile; fileRef = EFF9F37128C5523200E9FCB3 /* map_pin_custom.png */; };
		EFF9F39728C5523200E9FCB3 /* shadow_balloon.png in Resources */ = {isa = PBXBuildFile; fileRef = EFF9F37228C5523200E9FCB3 /* shadow_balloon.png */; };
		EFF9F39828C5523200E9FCB3 /* map_pinup.png in Resources */ = {isa = PBXBuildFile; fileRef = EFF9F37328C5523200E9FCB3 /* map_pinup.png */; };
		EFF9F39928C5523200E9FCB3 /* detail_button.png in Resources */ = {isa = PBXBuildFile; fileRef = EFF9F37428C5523200E9FCB3 /* detail_button.png */; };
		EFF9F39A28C5523200E9FCB3 /* map_pin_custom@3x.png in Resources */ = {isa = PBXBuildFile; fileRef = EFF9F37528C5523200E9FCB3 /* map_pin_custom@3x.png */; };
		EFF9F39B28C5523200E9FCB3 /* map_pinup@3x.png in Resources */ = {isa = PBXBuildFile; fileRef = EFF9F37628C5523200E9FCB3 /* map_pinup@3x.png */; };
		EFF9F39C28C5523200E9FCB3 /* map_pin_shadow@3x.png in Resources */ = {isa = PBXBuildFile; fileRef = EFF9F37728C5523200E9FCB3 /* map_pin_shadow@3x.png */; };
		EFF9F39D28C5523200E9FCB3 /* copyright.png in Resources */ = {isa = PBXBuildFile; fileRef = EFF9F37828C5523200E9FCB3 /* copyright.png */; };
		EFF9F39E28C5523200E9FCB3 /* th_line.png in Resources */ = {isa = PBXBuildFile; fileRef = EFF9F37928C5523200E9FCB3 /* th_line.png */; };
		EFF9F39F28C5523200E9FCB3 /* map_pin_red@3x.png in Resources */ = {isa = PBXBuildFile; fileRef = EFF9F37A28C5523200E9FCB3 /* map_pin_red@3x.png */; };
		EFF9F3A028C5523200E9FCB3 /* daum_copyright.png in Resources */ = {isa = PBXBuildFile; fileRef = EFF9F37B28C5523200E9FCB3 /* daum_copyright.png */; };
		EFF9F3A128C5523200E9FCB3 /* map_pin@3x.png in Resources */ = {isa = PBXBuildFile; fileRef = EFF9F37C28C5523200E9FCB3 /* map_pin@3x.png */; };
		EFF9F3A228C5523200E9FCB3 /* map_present_tracking.png in Resources */ = {isa = PBXBuildFile; fileRef = EFF9F37D28C5523200E9FCB3 /* map_present_tracking.png */; };
		EFF9F3A328C5523200E9FCB3 /* map_pin_red.png in Resources */ = {isa = PBXBuildFile; fileRef = EFF9F37E28C5523200E9FCB3 /* map_pin_red.png */; };
		EFF9F3A428C5523200E9FCB3 /* info_box.png in Resources */ = {isa = PBXBuildFile; fileRef = EFF9F38828C5523200E9FCB3 /* info_box.png */; };
		EFF9F3A528C5523200E9FCB3 /* point_sprite.png in Resources */ = {isa = PBXBuildFile; fileRef = EFF9F38928C5523200E9FCB3 /* point_sprite.png */; };
		EFF9F3A628C5523200E9FCB3 /* map_pinup_custom.png in Resources */ = {isa = PBXBuildFile; fileRef = EFF9F38A28C5523200E9FCB3 /* map_pinup_custom.png */; };
		EFF9F3A728C5523200E9FCB3 /* info_box_tail.png in Resources */ = {isa = PBXBuildFile; fileRef = EFF9F38B28C5523200E9FCB3 /* info_box_tail.png */; };
		EFF9F3A828C5523200E9FCB3 /* noimage256.png in Resources */ = {isa = PBXBuildFile; fileRef = EFF9F38C28C5523200E9FCB3 /* noimage256.png */; };
		EFF9F3A928C5523200E9FCB3 /* map_present_direction.png in Resources */ = {isa = PBXBuildFile; fileRef = EFF9F38D28C5523200E9FCB3 /* map_present_direction.png */; };
		EFF9F3AA28C5523200E9FCB3 /* map_pin.png in Resources */ = {isa = PBXBuildFile; fileRef = EFF9F38E28C5523200E9FCB3 /* map_pin.png */; };
		EFF9F3AB28C5523200E9FCB3 /* map_present.png in Resources */ = {isa = PBXBuildFile; fileRef = EFF9F38F28C5523200E9FCB3 /* map_present.png */; };
		EFF9F3AC28C5523200E9FCB3 /* noimage.png in Resources */ = {isa = PBXBuildFile; fileRef = EFF9F39028C5523200E9FCB3 /* noimage.png */; };
		EFF9F3AD28C5523200E9FCB3 /* map_present_background_update.png in Resources */ = {isa = PBXBuildFile; fileRef = EFF9F39128C5523200E9FCB3 /* map_present_background_update.png */; };
		EFF9F3AE28C5523200E9FCB3 /* daum_th_line.png in Resources */ = {isa = PBXBuildFile; fileRef = EFF9F39228C5523200E9FCB3 /* daum_th_line.png */; };
		EFF9F3AF28C5523200E9FCB3 /* map_pin_shadow.png in Resources */ = {isa = PBXBuildFile; fileRef = EFF9F39328C5523200E9FCB3 /* map_pin_shadow.png */; };
		EFF9F3B028C5523200E9FCB3 /* DaumMap.framework in Frameworks */ = {isa = PBXBuildFile; fileRef = EFF9F39428C5523200E9FCB3 /* DaumMap.framework */; };
		EFF9F3B328C552EF00E9FCB3 /* OpenGLES.framework in Frameworks */ = {isa = PBXBuildFile; fileRef = EFF9F3B228C552EF00E9FCB3 /* OpenGLES.framework */; };
		EFF9F3B528C5530C00E9FCB3 /* SystemConfiguration.framework in Frameworks */ = {isa = PBXBuildFile; fileRef = EFF9F3B428C5530C00E9FCB3 /* SystemConfiguration.framework */; };
		EFF9F3B728C5531300E9FCB3 /* CoreLocation.framework in Frameworks */ = {isa = PBXBuildFile; fileRef = EFF9F3B628C5531300E9FCB3 /* CoreLocation.framework */; };
		EFF9F3B928C5531B00E9FCB3 /* QuartzCore.framework in Frameworks */ = {isa = PBXBuildFile; fileRef = EFF9F3B828C5531B00E9FCB3 /* QuartzCore.framework */; };
		EFF9F3BD28C5545700E9FCB3 /* libc++.tbd in Frameworks */ = {isa = PBXBuildFile; fileRef = EFF9F3BA28C5532000E9FCB3 /* libc++.tbd */; };
		EFF9F3BE28C5546400E9FCB3 /* libxml2.tbd in Frameworks */ = {isa = PBXBuildFile; fileRef = EFF9F3BB28C5532800E9FCB3 /* libxml2.tbd */; };
		EFF9F3BF28C5546A00E9FCB3 /* libsqlite3.tbd in Frameworks */ = {isa = PBXBuildFile; fileRef = EFF9F3BC28C5533100E9FCB3 /* libsqlite3.tbd */; };
		EFF9F3C728C5C8DA00E9FCB3 /* KakaoMap.swift in Sources */ = {isa = PBXBuildFile; fileRef = EFF9F3C628C5C8DA00E9FCB3 /* KakaoMap.swift */; };
/* End PBXBuildFile section */

/* Begin PBXFileReference section */
		A80213D228BF2C2100B6359E /* TravelOnViewModel.swift */ = {isa = PBXFileReference; lastKnownFileType = sourcecode.swift; path = TravelOnViewModel.swift; sourceTree = "<group>"; };
		A80213D428BF2C4900B6359E /* TravelOnRepository.swift */ = {isa = PBXFileReference; lastKnownFileType = sourcecode.swift; path = TravelOnRepository.swift; sourceTree = "<group>"; };
		A80213D628BF2C9800B6359E /* TravelOn.swift */ = {isa = PBXFileReference; lastKnownFileType = sourcecode.swift; path = TravelOn.swift; sourceTree = "<group>"; };
		A80213D828BF2D6C00B6359E /* Author.swift */ = {isa = PBXFileReference; lastKnownFileType = sourcecode.swift; path = Author.swift; sourceTree = "<group>"; };
		A80213DA28BF2EA100B6359E /* TravelOnService.swift */ = {isa = PBXFileReference; lastKnownFileType = sourcecode.swift; path = TravelOnService.swift; sourceTree = "<group>"; };
		A80213DC28BF326D00B6359E /* WebImage.swift */ = {isa = PBXFileReference; lastKnownFileType = sourcecode.swift; path = WebImage.swift; sourceTree = "<group>"; };
		A80B903528C9EA200026866A /* TravelOnDetailScreen.swift */ = {isa = PBXFileReference; lastKnownFileType = sourcecode.swift; path = TravelOnDetailScreen.swift; sourceTree = "<group>"; };
		A80B903928CA0FFB0026866A /* ToggleButtonStyle.swift */ = {isa = PBXFileReference; lastKnownFileType = sourcecode.swift; path = ToggleButtonStyle.swift; sourceTree = "<group>"; };
		A80B903B28CA105F0026866A /* TravelOnComponent.swift */ = {isa = PBXFileReference; lastKnownFileType = sourcecode.swift; path = TravelOnComponent.swift; sourceTree = "<group>"; };
		A813CA2D28B4EE2B000F0ADF /* ScreenSize.swift */ = {isa = PBXFileReference; lastKnownFileType = sourcecode.swift; path = ScreenSize.swift; sourceTree = "<group>"; };
		A813CA2F28B4F033000F0ADF /* SNSButtonStyle.swift */ = {isa = PBXFileReference; lastKnownFileType = sourcecode.swift; path = SNSButtonStyle.swift; sourceTree = "<group>"; };
		A814DF7A28ED5D5500DBF383 /* CustomAlert.swift */ = {isa = PBXFileReference; lastKnownFileType = sourcecode.swift; path = CustomAlert.swift; sourceTree = "<group>"; };
		A814DF7C28ED60B300DBF383 /* AlertCustomButton.swift */ = {isa = PBXFileReference; lastKnownFileType = sourcecode.swift; path = AlertCustomButton.swift; sourceTree = "<group>"; };
		A8212BB628F1E2FD00FD4063 /* OpinionComponent.swift */ = {isa = PBXFileReference; lastKnownFileType = sourcecode.swift; path = OpinionComponent.swift; sourceTree = "<group>"; };
		A836925728C6F48D00DBDB06 /* SearchBar.swift */ = {isa = PBXFileReference; lastKnownFileType = sourcecode.swift; path = SearchBar.swift; sourceTree = "<group>"; };
		A836925928C72A0500DBDB06 /* Region.swift */ = {isa = PBXFileReference; lastKnownFileType = sourcecode.swift; path = Region.swift; sourceTree = "<group>"; };
		A83972E928E430AB000E323E /* CustomToggleStyle.swift */ = {isa = PBXFileReference; lastKnownFileType = sourcecode.swift; path = CustomToggleStyle.swift; sourceTree = "<group>"; };
		A83DAEEC28D0475B001F1F5C /* TravelOnWriteScreen.swift */ = {isa = PBXFileReference; lastKnownFileType = sourcecode.swift; path = TravelOnWriteScreen.swift; sourceTree = "<group>"; };
		A83F100C28BCCCE000978711 /* TravelOnListScreen.swift */ = {isa = PBXFileReference; lastKnownFileType = sourcecode.swift; path = TravelOnListScreen.swift; sourceTree = "<group>"; };
		A84E841128B8C28600128D9B /* SignInScreen.swift */ = {isa = PBXFileReference; lastKnownFileType = sourcecode.swift; path = SignInScreen.swift; sourceTree = "<group>"; };
		A8525DFC28C1B0C90085B36A /* Authorization.xcconfig */ = {isa = PBXFileReference; lastKnownFileType = text.xcconfig; path = Authorization.xcconfig; sourceTree = "<group>"; };
		A8647C3928BDA48B00D284B6 /* WriteButtonStyle.swift */ = {isa = PBXFileReference; lastKnownFileType = sourcecode.swift; path = WriteButtonStyle.swift; sourceTree = "<group>"; };
		A877D99728F2607D00527E21 /* Opinion.swift */ = {isa = PBXFileReference; lastKnownFileType = sourcecode.swift; path = Opinion.swift; sourceTree = "<group>"; };
		A877D99928F2654800527E21 /* OpinionViewModel.swift */ = {isa = PBXFileReference; lastKnownFileType = sourcecode.swift; path = OpinionViewModel.swift; sourceTree = "<group>"; };
		A877D99B28F265F000527E21 /* OpinionService.swift */ = {isa = PBXFileReference; lastKnownFileType = sourcecode.swift; path = OpinionService.swift; sourceTree = "<group>"; };
		A877D99D28F2662100527E21 /* OpinionRepository.swift */ = {isa = PBXFileReference; lastKnownFileType = sourcecode.swift; path = OpinionRepository.swift; sourceTree = "<group>"; };
		A8794B2E28B4E93A00959D56 /* SignUpScreen.swift */ = {isa = PBXFileReference; lastKnownFileType = sourcecode.swift; path = SignUpScreen.swift; sourceTree = "<group>"; };
		A8794B3028B4EB5900959D56 /* BasicButtonStyle.swift */ = {isa = PBXFileReference; lastKnownFileType = sourcecode.swift; path = BasicButtonStyle.swift; sourceTree = "<group>"; };
		A87F6C9C28C099EE0076046E /* MyProfileScreen.swift */ = {isa = PBXFileReference; lastKnownFileType = sourcecode.swift; path = MyProfileScreen.swift; sourceTree = "<group>"; };
		A87F6C9E28C0A1050076046E /* TopTabs.swift */ = {isa = PBXFileReference; lastKnownFileType = sourcecode.swift; path = TopTabs.swift; sourceTree = "<group>"; };
		A87F6CA128C0A22B0076046E /* ProfileComponent.swift */ = {isa = PBXFileReference; lastKnownFileType = sourcecode.swift; path = ProfileComponent.swift; sourceTree = "<group>"; };
		A87F6CA328C0A37A0076046E /* ProfileReviseScreen.swift */ = {isa = PBXFileReference; lastKnownFileType = sourcecode.swift; path = ProfileReviseScreen.swift; sourceTree = "<group>"; };
		A87F6CA528C0A3AB0076046E /* SettingScreen.swift */ = {isa = PBXFileReference; lastKnownFileType = sourcecode.swift; path = SettingScreen.swift; sourceTree = "<group>"; };
		A89943A428EEC6140059AAC6 /* RegionPickerScreen.swift */ = {isa = PBXFileReference; lastKnownFileType = sourcecode.swift; path = RegionPickerScreen.swift; sourceTree = "<group>"; };
		A89943A628EED89E0059AAC6 /* RegionViewModel.swift */ = {isa = PBXFileReference; lastKnownFileType = sourcecode.swift; path = RegionViewModel.swift; sourceTree = "<group>"; };
		A8AF3DEB28D407E9009B68BE /* RegionComponent.swift */ = {isa = PBXFileReference; lastKnownFileType = sourcecode.swift; path = RegionComponent.swift; sourceTree = "<group>"; };
		A8B2C29028F52D61008EA020 /* OpinionStyle.swift */ = {isa = PBXFileReference; lastKnownFileType = sourcecode.swift; path = OpinionStyle.swift; sourceTree = "<group>"; };
		A8CD70A128F40A62007E8395 /* OpinionDetailScreen.swift */ = {isa = PBXFileReference; lastKnownFileType = sourcecode.swift; path = OpinionDetailScreen.swift; sourceTree = "<group>"; };
		EF1E4CCE28B53A6200D985E3 /* NetworkAgent.swift */ = {isa = PBXFileReference; lastKnownFileType = sourcecode.swift; path = NetworkAgent.swift; sourceTree = "<group>"; };
		EF1E4CD028B5426F00D985E3 /* Info.plist */ = {isa = PBXFileReference; lastKnownFileType = text.plist; path = Info.plist; sourceTree = "<group>"; };
		EF26CD8728C0E9DA006D0D27 /* Config.swift */ = {isa = PBXFileReference; lastKnownFileType = sourcecode.swift; path = Config.swift; sourceTree = "<group>"; };
		EF26CD8928C0EECA006D0D27 /* PlanService.swift */ = {isa = PBXFileReference; lastKnownFileType = sourcecode.swift; path = PlanService.swift; sourceTree = "<group>"; };
		EF26CD8C28C0F102006D0D27 /* MyPlanScreen.swift */ = {isa = PBXFileReference; lastKnownFileType = sourcecode.swift; path = MyPlanScreen.swift; sourceTree = "<group>"; };
		EF26CD9028C0F153006D0D27 /* MyPlanList.swift */ = {isa = PBXFileReference; lastKnownFileType = sourcecode.swift; path = MyPlanList.swift; sourceTree = "<group>"; };
		EF26CD9228C0F15E006D0D27 /* MyPlanListViewModel.swift */ = {isa = PBXFileReference; lastKnownFileType = sourcecode.swift; path = MyPlanListViewModel.swift; sourceTree = "<group>"; };
		EF26CD9428C0FF12006D0D27 /* DateFormat.swift */ = {isa = PBXFileReference; lastKnownFileType = sourcecode.swift; path = DateFormat.swift; sourceTree = "<group>"; };
		EF3C060B28E0E53F003F3188 /* PlaceSearchScreen.swift */ = {isa = PBXFileReference; lastKnownFileType = sourcecode.swift; path = PlaceSearchScreen.swift; sourceTree = "<group>"; };
		EF3C060D28E0E666003F3188 /* PlaceSearchViewModel.swift */ = {isa = PBXFileReference; lastKnownFileType = sourcecode.swift; path = PlaceSearchViewModel.swift; sourceTree = "<group>"; };
		EF3C061128E0EDC4003F3188 /* KakaoAPIService.swift */ = {isa = PBXFileReference; lastKnownFileType = sourcecode.swift; path = KakaoAPIService.swift; sourceTree = "<group>"; };
		EF3FCF1428C12A3900D48F9E /* PlanDetailScreen.swift */ = {isa = PBXFileReference; lastKnownFileType = sourcecode.swift; path = PlanDetailScreen.swift; sourceTree = "<group>"; };
		EF3FCF1628C12D0800D48F9E /* PlanDetailScreenViewModel.swift */ = {isa = PBXFileReference; lastKnownFileType = sourcecode.swift; path = PlanDetailScreenViewModel.swift; sourceTree = "<group>"; };
		EF3FCF1828C1345C00D48F9E /* Place.swift */ = {isa = PBXFileReference; lastKnownFileType = sourcecode.swift; path = Place.swift; sourceTree = "<group>"; };
		EF3FCF1B28C135B200D48F9E /* PlaceList.swift */ = {isa = PBXFileReference; lastKnownFileType = sourcecode.swift; path = PlaceList.swift; sourceTree = "<group>"; };
		EF4DD99C28E23CF500E0D072 /* Colors.xcassets */ = {isa = PBXFileReference; lastKnownFileType = folder.assetcatalog; path = Colors.xcassets; sourceTree = "<group>"; };
		EF4DD9A028E24CAE00E0D072 /* FAB.swift */ = {isa = PBXFileReference; lastKnownFileType = sourcecode.swift; path = FAB.swift; sourceTree = "<group>"; };
		EF6A3FC128E71A2F003F474B /* UserRepository.swift */ = {isa = PBXFileReference; lastKnownFileType = sourcecode.swift; path = UserRepository.swift; sourceTree = "<group>"; };
		EF6A3FC328E71EE5003F474B /* UserService.swift */ = {isa = PBXFileReference; lastKnownFileType = sourcecode.swift; path = UserService.swift; sourceTree = "<group>"; };
		EF6A3FC528E93A44003F474B /* PlanCreateScreen.swift */ = {isa = PBXFileReference; lastKnownFileType = sourcecode.swift; path = PlanCreateScreen.swift; sourceTree = "<group>"; };
		EF6A3FC728E93A68003F474B /* PlanCreateViewModel.swift */ = {isa = PBXFileReference; lastKnownFileType = sourcecode.swift; path = PlanCreateViewModel.swift; sourceTree = "<group>"; };
		EF6A3FC928EB3D9B003F474B /* View+Extensions.swift */ = {isa = PBXFileReference; lastKnownFileType = sourcecode.swift; path = "View+Extensions.swift"; sourceTree = "<group>"; };
		EF6ADB9C2901D9FC00A14D26 /* NcpAPIService.swift */ = {isa = PBXFileReference; lastKnownFileType = sourcecode.swift; path = NcpAPIService.swift; sourceTree = "<group>"; };
		EF74BBF228B4D5C200E09450 /* HomeScreen.swift */ = {isa = PBXFileReference; lastKnownFileType = sourcecode.swift; path = HomeScreen.swift; sourceTree = "<group>"; };
		EF74BBF828B52CF200E09450 /* LaunchScreen.storyboard */ = {isa = PBXFileReference; lastKnownFileType = file.storyboard; path = LaunchScreen.storyboard; sourceTree = "<group>"; };
		EF89F5DB28C08103001401FE /* Main.xcconfig */ = {isa = PBXFileReference; lastKnownFileType = text.xcconfig; path = Main.xcconfig; sourceTree = "<group>"; };
		EF8EB5DC28F8697700F8D9EB /* ScheduleEngine.swift */ = {isa = PBXFileReference; lastKnownFileType = sourcecode.swift; path = ScheduleEngine.swift; sourceTree = "<group>"; };
		EF8EB5DE28F86F0700F8D9EB /* ODsayAPIService.swift */ = {isa = PBXFileReference; lastKnownFileType = sourcecode.swift; path = ODsayAPIService.swift; sourceTree = "<group>"; };
		EF8FF25928B4D0B100C053B7 /* HeyLocal.app */ = {isa = PBXFileReference; explicitFileType = wrapper.application; includeInIndex = 0; path = HeyLocal.app; sourceTree = BUILT_PRODUCTS_DIR; };
		EF8FF25C28B4D0B100C053B7 /* HeyLocalApp.swift */ = {isa = PBXFileReference; lastKnownFileType = sourcecode.swift; path = HeyLocalApp.swift; sourceTree = "<group>"; };
		EF8FF26028B4D0B300C053B7 /* Assets.xcassets */ = {isa = PBXFileReference; lastKnownFileType = folder.assetcatalog; path = Assets.xcassets; sourceTree = "<group>"; };
		EF8FF26328B4D0B300C053B7 /* Preview Assets.xcassets */ = {isa = PBXFileReference; lastKnownFileType = folder.assetcatalog; path = "Preview Assets.xcassets"; sourceTree = "<group>"; };
		EF8FF27328B4D2D100C053B7 /* Main.swift */ = {isa = PBXFileReference; lastKnownFileType = sourcecode.swift; path = Main.swift; sourceTree = "<group>"; };
		EF9D28EC28FE2DF000D2971F /* SerialQueue.swift */ = {isa = PBXFileReference; lastKnownFileType = sourcecode.swift; path = SerialQueue.swift; sourceTree = "<group>"; };
		EFAA2AC228BBC30E00B56A3C /* AuthRepository.swift */ = {isa = PBXFileReference; lastKnownFileType = sourcecode.swift; path = AuthRepository.swift; sourceTree = "<group>"; };
		EFAA2AC428BBC48400B56A3C /* AuthService.swift */ = {isa = PBXFileReference; lastKnownFileType = sourcecode.swift; path = AuthService.swift; sourceTree = "<group>"; };
		EFAA2AC828BBCF6E00B56A3C /* Auth.swift */ = {isa = PBXFileReference; lastKnownFileType = sourcecode.swift; path = Auth.swift; sourceTree = "<group>"; };
		EFAA2ACC28BBD19400B56A3C /* SignInScreenTest.swift */ = {isa = PBXFileReference; lastKnownFileType = sourcecode.swift; path = SignInScreenTest.swift; sourceTree = "<group>"; };
		EFDC441A28C0735400E8747C /* PlanRepository.swift */ = {isa = PBXFileReference; lastKnownFileType = sourcecode.swift; path = PlanRepository.swift; sourceTree = "<group>"; };
		EFDC441C28C073E000E8747C /* Plan.swift */ = {isa = PBXFileReference; lastKnownFileType = sourcecode.swift; path = Plan.swift; sourceTree = "<group>"; };
		EFF223AF28F4A03E00E6781D /* FlatLinkStyle.swift */ = {isa = PBXFileReference; lastKnownFileType = sourcecode.swift; path = FlatLinkStyle.swift; sourceTree = "<group>"; };
		EFF223B128F4B33F00E6781D /* BackButton.swift */ = {isa = PBXFileReference; lastKnownFileType = sourcecode.swift; path = BackButton.swift; sourceTree = "<group>"; };
		EFF9F37028C5523200E9FCB3 /* map_pinup_custom@3x.png */ = {isa = PBXFileReference; lastKnownFileType = image.png; path = "map_pinup_custom@3x.png"; sourceTree = "<group>"; };
		EFF9F37128C5523200E9FCB3 /* map_pin_custom.png */ = {isa = PBXFileReference; lastKnownFileType = image.png; path = map_pin_custom.png; sourceTree = "<group>"; };
		EFF9F37228C5523200E9FCB3 /* shadow_balloon.png */ = {isa = PBXFileReference; lastKnownFileType = image.png; path = shadow_balloon.png; sourceTree = "<group>"; };
		EFF9F37328C5523200E9FCB3 /* map_pinup.png */ = {isa = PBXFileReference; lastKnownFileType = image.png; path = map_pinup.png; sourceTree = "<group>"; };
		EFF9F37428C5523200E9FCB3 /* detail_button.png */ = {isa = PBXFileReference; lastKnownFileType = image.png; path = detail_button.png; sourceTree = "<group>"; };
		EFF9F37528C5523200E9FCB3 /* map_pin_custom@3x.png */ = {isa = PBXFileReference; lastKnownFileType = image.png; path = "map_pin_custom@3x.png"; sourceTree = "<group>"; };
		EFF9F37628C5523200E9FCB3 /* map_pinup@3x.png */ = {isa = PBXFileReference; lastKnownFileType = image.png; path = "map_pinup@3x.png"; sourceTree = "<group>"; };
		EFF9F37728C5523200E9FCB3 /* map_pin_shadow@3x.png */ = {isa = PBXFileReference; lastKnownFileType = image.png; path = "map_pin_shadow@3x.png"; sourceTree = "<group>"; };
		EFF9F37828C5523200E9FCB3 /* copyright.png */ = {isa = PBXFileReference; lastKnownFileType = image.png; path = copyright.png; sourceTree = "<group>"; };
		EFF9F37928C5523200E9FCB3 /* th_line.png */ = {isa = PBXFileReference; lastKnownFileType = image.png; path = th_line.png; sourceTree = "<group>"; };
		EFF9F37A28C5523200E9FCB3 /* map_pin_red@3x.png */ = {isa = PBXFileReference; lastKnownFileType = image.png; path = "map_pin_red@3x.png"; sourceTree = "<group>"; };
		EFF9F37B28C5523200E9FCB3 /* daum_copyright.png */ = {isa = PBXFileReference; lastKnownFileType = image.png; path = daum_copyright.png; sourceTree = "<group>"; };
		EFF9F37C28C5523200E9FCB3 /* map_pin@3x.png */ = {isa = PBXFileReference; lastKnownFileType = image.png; path = "map_pin@3x.png"; sourceTree = "<group>"; };
		EFF9F37D28C5523200E9FCB3 /* map_present_tracking.png */ = {isa = PBXFileReference; lastKnownFileType = image.png; path = map_present_tracking.png; sourceTree = "<group>"; };
		EFF9F37E28C5523200E9FCB3 /* map_pin_red.png */ = {isa = PBXFileReference; lastKnownFileType = image.png; path = map_pin_red.png; sourceTree = "<group>"; };
		EFF9F38028C5523200E9FCB3 /* MTMapPOIItem.h */ = {isa = PBXFileReference; fileEncoding = 4; lastKnownFileType = sourcecode.c.h; path = MTMapPOIItem.h; sourceTree = "<group>"; };
		EFF9F38128C5523200E9FCB3 /* MTMapCameraUpdate.h */ = {isa = PBXFileReference; fileEncoding = 4; lastKnownFileType = sourcecode.c.h; path = MTMapCameraUpdate.h; sourceTree = "<group>"; };
		EFF9F38228C5523200E9FCB3 /* MTMapReverseGeoCoder.h */ = {isa = PBXFileReference; fileEncoding = 4; lastKnownFileType = sourcecode.c.h; path = MTMapReverseGeoCoder.h; sourceTree = "<group>"; };
		EFF9F38328C5523200E9FCB3 /* MTMapPolyline.h */ = {isa = PBXFileReference; fileEncoding = 4; lastKnownFileType = sourcecode.c.h; path = MTMapPolyline.h; sourceTree = "<group>"; };
		EFF9F38428C5523200E9FCB3 /* MTMapLocationMarkerItem.h */ = {isa = PBXFileReference; fileEncoding = 4; lastKnownFileType = sourcecode.c.h; path = MTMapLocationMarkerItem.h; sourceTree = "<group>"; };
		EFF9F38528C5523200E9FCB3 /* MTMapView.h */ = {isa = PBXFileReference; fileEncoding = 4; lastKnownFileType = sourcecode.c.h; path = MTMapView.h; sourceTree = "<group>"; };
		EFF9F38628C5523200E9FCB3 /* MTMapGeometry.h */ = {isa = PBXFileReference; fileEncoding = 4; lastKnownFileType = sourcecode.c.h; path = MTMapGeometry.h; sourceTree = "<group>"; };
		EFF9F38728C5523200E9FCB3 /* MTMapCircle.h */ = {isa = PBXFileReference; fileEncoding = 4; lastKnownFileType = sourcecode.c.h; path = MTMapCircle.h; sourceTree = "<group>"; };
		EFF9F38828C5523200E9FCB3 /* info_box.png */ = {isa = PBXFileReference; lastKnownFileType = image.png; path = info_box.png; sourceTree = "<group>"; };
		EFF9F38928C5523200E9FCB3 /* point_sprite.png */ = {isa = PBXFileReference; lastKnownFileType = image.png; path = point_sprite.png; sourceTree = "<group>"; };
		EFF9F38A28C5523200E9FCB3 /* map_pinup_custom.png */ = {isa = PBXFileReference; lastKnownFileType = image.png; path = map_pinup_custom.png; sourceTree = "<group>"; };
		EFF9F38B28C5523200E9FCB3 /* info_box_tail.png */ = {isa = PBXFileReference; lastKnownFileType = image.png; path = info_box_tail.png; sourceTree = "<group>"; };
		EFF9F38C28C5523200E9FCB3 /* noimage256.png */ = {isa = PBXFileReference; lastKnownFileType = image.png; path = noimage256.png; sourceTree = "<group>"; };
		EFF9F38D28C5523200E9FCB3 /* map_present_direction.png */ = {isa = PBXFileReference; lastKnownFileType = image.png; path = map_present_direction.png; sourceTree = "<group>"; };
		EFF9F38E28C5523200E9FCB3 /* map_pin.png */ = {isa = PBXFileReference; lastKnownFileType = image.png; path = map_pin.png; sourceTree = "<group>"; };
		EFF9F38F28C5523200E9FCB3 /* map_present.png */ = {isa = PBXFileReference; lastKnownFileType = image.png; path = map_present.png; sourceTree = "<group>"; };
		EFF9F39028C5523200E9FCB3 /* noimage.png */ = {isa = PBXFileReference; lastKnownFileType = image.png; path = noimage.png; sourceTree = "<group>"; };
		EFF9F39128C5523200E9FCB3 /* map_present_background_update.png */ = {isa = PBXFileReference; lastKnownFileType = image.png; path = map_present_background_update.png; sourceTree = "<group>"; };
		EFF9F39228C5523200E9FCB3 /* daum_th_line.png */ = {isa = PBXFileReference; lastKnownFileType = image.png; path = daum_th_line.png; sourceTree = "<group>"; };
		EFF9F39328C5523200E9FCB3 /* map_pin_shadow.png */ = {isa = PBXFileReference; lastKnownFileType = image.png; path = map_pin_shadow.png; sourceTree = "<group>"; };
		EFF9F39428C5523200E9FCB3 /* DaumMap.framework */ = {isa = PBXFileReference; lastKnownFileType = wrapper.framework; path = DaumMap.framework; sourceTree = "<group>"; };
		EFF9F3B228C552EF00E9FCB3 /* OpenGLES.framework */ = {isa = PBXFileReference; lastKnownFileType = wrapper.framework; name = OpenGLES.framework; path = System/Library/Frameworks/OpenGLES.framework; sourceTree = SDKROOT; };
		EFF9F3B428C5530C00E9FCB3 /* SystemConfiguration.framework */ = {isa = PBXFileReference; lastKnownFileType = wrapper.framework; name = SystemConfiguration.framework; path = System/Library/Frameworks/SystemConfiguration.framework; sourceTree = SDKROOT; };
		EFF9F3B628C5531300E9FCB3 /* CoreLocation.framework */ = {isa = PBXFileReference; lastKnownFileType = wrapper.framework; name = CoreLocation.framework; path = System/Library/Frameworks/CoreLocation.framework; sourceTree = SDKROOT; };
		EFF9F3B828C5531B00E9FCB3 /* QuartzCore.framework */ = {isa = PBXFileReference; lastKnownFileType = wrapper.framework; name = QuartzCore.framework; path = System/Library/Frameworks/QuartzCore.framework; sourceTree = SDKROOT; };
		EFF9F3BA28C5532000E9FCB3 /* libc++.tbd */ = {isa = PBXFileReference; lastKnownFileType = "sourcecode.text-based-dylib-definition"; name = "libc++.tbd"; path = "usr/lib/libc++.tbd"; sourceTree = SDKROOT; };
		EFF9F3BB28C5532800E9FCB3 /* libxml2.tbd */ = {isa = PBXFileReference; lastKnownFileType = "sourcecode.text-based-dylib-definition"; name = libxml2.tbd; path = usr/lib/libxml2.tbd; sourceTree = SDKROOT; };
		EFF9F3BC28C5533100E9FCB3 /* libsqlite3.tbd */ = {isa = PBXFileReference; lastKnownFileType = "sourcecode.text-based-dylib-definition"; name = libsqlite3.tbd; path = usr/lib/libsqlite3.tbd; sourceTree = SDKROOT; };
		EFF9F3C428C558E300E9FCB3 /* HeyLocal-Bridging-Header.h */ = {isa = PBXFileReference; lastKnownFileType = sourcecode.c.h; path = "HeyLocal-Bridging-Header.h"; sourceTree = "<group>"; };
		EFF9F3C628C5C8DA00E9FCB3 /* KakaoMap.swift */ = {isa = PBXFileReference; lastKnownFileType = sourcecode.swift; path = KakaoMap.swift; sourceTree = "<group>"; };
/* End PBXFileReference section */

/* Begin PBXFrameworksBuildPhase section */
		EF8FF25628B4D0B100C053B7 /* Frameworks */ = {
			isa = PBXFrameworksBuildPhase;
			buildActionMask = 2147483647;
			files = (
				EFF9F3BD28C5545700E9FCB3 /* libc++.tbd in Frameworks */,
				EFF9F3B928C5531B00E9FCB3 /* QuartzCore.framework in Frameworks */,
				EFF9F3BF28C5546A00E9FCB3 /* libsqlite3.tbd in Frameworks */,
				EFF9F3B728C5531300E9FCB3 /* CoreLocation.framework in Frameworks */,
				EFF9F3BE28C5546400E9FCB3 /* libxml2.tbd in Frameworks */,
				EFF9F3B028C5523200E9FCB3 /* DaumMap.framework in Frameworks */,
				EFF9F3B528C5530C00E9FCB3 /* SystemConfiguration.framework in Frameworks */,
				EFF9F3B328C552EF00E9FCB3 /* OpenGLES.framework in Frameworks */,
			);
			runOnlyForDeploymentPostprocessing = 0;
		};
/* End PBXFrameworksBuildPhase section */

/* Begin PBXGroup section */
		A80213D128BF2C0700B6359E /* TravelOnList */ = {
			isa = PBXGroup;
			children = (
				A80B903B28CA105F0026866A /* TravelOnComponent.swift */,
			);
			path = TravelOnList;
			sourceTree = "<group>";
		};
		A813CA2C28B4EE13000F0ADF /* Utils */ = {
			isa = PBXGroup;
			children = (
				EF1E4CCE28B53A6200D985E3 /* NetworkAgent.swift */,
				A813CA2D28B4EE2B000F0ADF /* ScreenSize.swift */,
				EF26CD8728C0E9DA006D0D27 /* Config.swift */,
				EF26CD9428C0FF12006D0D27 /* DateFormat.swift */,
				EF6A3FC928EB3D9B003F474B /* View+Extensions.swift */,
				EF9D28EC28FE2DF000D2971F /* SerialQueue.swift */,
			);
			path = Utils;
			sourceTree = "<group>";
		};
		A8212BB528F1E2E900FD4063 /* OpinionComponent */ = {
			isa = PBXGroup;
			children = (
				A8212BB628F1E2FD00FD4063 /* OpinionComponent.swift */,
				A877D99928F2654800527E21 /* OpinionViewModel.swift */,
			);
			path = OpinionComponent;
			sourceTree = "<group>";
		};
		A83F100728BC4E6A00978711 /* TravelOnScreen */ = {
			isa = PBXGroup;
			children = (
				A83F100C28BCCCE000978711 /* TravelOnListScreen.swift */,
				A80B903528C9EA200026866A /* TravelOnDetailScreen.swift */,
				A83DAEEC28D0475B001F1F5C /* TravelOnWriteScreen.swift */,
				A80213D228BF2C2100B6359E /* TravelOnViewModel.swift */,
			);
			path = TravelOnScreen;
			sourceTree = "<group>";
		};
		A8794B2D28B4E92400959D56 /* AuthScreen */ = {
			isa = PBXGroup;
			children = (
				A8794B2E28B4E93A00959D56 /* SignUpScreen.swift */,
				A84E841128B8C28600128D9B /* SignInScreen.swift */,
				EFAA2ACC28BBD19400B56A3C /* SignInScreenTest.swift */,
			);
			path = AuthScreen;
			sourceTree = "<group>";
		};
		A87F6C9B28C099940076046E /* ProfileScreen */ = {
			isa = PBXGroup;
			children = (
				A87F6C9C28C099EE0076046E /* MyProfileScreen.swift */,
				A87F6CA328C0A37A0076046E /* ProfileReviseScreen.swift */,
				A87F6CA528C0A3AB0076046E /* SettingScreen.swift */,
			);
			path = ProfileScreen;
			sourceTree = "<group>";
		};
		A87F6CA028C0A1EE0076046E /* ProfileComponent */ = {
			isa = PBXGroup;
			children = (
				A87F6CA128C0A22B0076046E /* ProfileComponent.swift */,
			);
			path = ProfileComponent;
			sourceTree = "<group>";
		};
		A89943A328EEC5FD0059AAC6 /* RegionPickerScreen */ = {
			isa = PBXGroup;
			children = (
				A89943A428EEC6140059AAC6 /* RegionPickerScreen.swift */,
				A89943A628EED89E0059AAC6 /* RegionViewModel.swift */,
			);
			path = RegionPickerScreen;
			sourceTree = "<group>";
		};
		A8AF3DEA28D407D7009B68BE /* RegionComponent */ = {
			isa = PBXGroup;
			children = (
				A8AF3DEB28D407E9009B68BE /* RegionComponent.swift */,
			);
			path = RegionComponent;
			sourceTree = "<group>";
		};
		A8CD70A028F40A41007E8395 /* OpinionScreen */ = {
			isa = PBXGroup;
			children = (
				A8CD70A128F40A62007E8395 /* OpinionDetailScreen.swift */,
			);
			path = OpinionScreen;
			sourceTree = "<group>";
		};
		EF26CD8B28C0F0EA006D0D27 /* MyPlanScreen */ = {
			isa = PBXGroup;
			children = (
				EF26CD8C28C0F102006D0D27 /* MyPlanScreen.swift */,
				EF26CD9028C0F153006D0D27 /* MyPlanList.swift */,
				EF26CD9228C0F15E006D0D27 /* MyPlanListViewModel.swift */,
			);
			path = MyPlanScreen;
			sourceTree = "<group>";
		};
		EF3C060A28E0E52F003F3188 /* PlaceSearchScreen */ = {
			isa = PBXGroup;
			children = (
				EF3C060B28E0E53F003F3188 /* PlaceSearchScreen.swift */,
				EF3C060D28E0E666003F3188 /* PlaceSearchViewModel.swift */,
			);
			path = PlaceSearchScreen;
			sourceTree = "<group>";
		};
		EF572AED28ECC23600A09F6D /* PlanCreateScreen */ = {
			isa = PBXGroup;
			children = (
				EF6A3FC528E93A44003F474B /* PlanCreateScreen.swift */,
				EF6A3FC728E93A68003F474B /* PlanCreateViewModel.swift */,
			);
			path = PlanCreateScreen;
			sourceTree = "<group>";
		};
		EF572AEE28ECC23F00A09F6D /* PlanDetailScreen */ = {
			isa = PBXGroup;
			children = (
				EF3FCF1428C12A3900D48F9E /* PlanDetailScreen.swift */,
				EF3FCF1628C12D0800D48F9E /* PlanDetailScreenViewModel.swift */,
				EF3FCF1B28C135B200D48F9E /* PlaceList.swift */,
				EFF9F3C628C5C8DA00E9FCB3 /* KakaoMap.swift */,
			);
			path = PlanDetailScreen;
			sourceTree = "<group>";
		};
		EF74BBF128B4D55A00E09450 /* HomeScreen */ = {
			isa = PBXGroup;
			children = (
				EF74BBF228B4D5C200E09450 /* HomeScreen.swift */,
			);
			path = HomeScreen;
			sourceTree = "<group>";
		};
		EF89F5DA28C08092001401FE /* Configurations */ = {
			isa = PBXGroup;
			children = (
				EF89F5DB28C08103001401FE /* Main.xcconfig */,
				A8525DFC28C1B0C90085B36A /* Authorization.xcconfig */,
			);
			path = Configurations;
			sourceTree = "<group>";
		};
		EF8FF25028B4D0B100C053B7 = {
			isa = PBXGroup;
			children = (
				EFF9F3C428C558E300E9FCB3 /* HeyLocal-Bridging-Header.h */,
				EFF9F3B128C5525D00E9FCB3 /* Frameworks */,
				EF8FF25B28B4D0B100C053B7 /* HeyLocal */,
				EF8FF25A28B4D0B100C053B7 /* Products */,
			);
			sourceTree = "<group>";
		};
		EF8FF25A28B4D0B100C053B7 /* Products */ = {
			isa = PBXGroup;
			children = (
				EF8FF25928B4D0B100C053B7 /* HeyLocal.app */,
			);
			name = Products;
			sourceTree = "<group>";
		};
		EF8FF25B28B4D0B100C053B7 /* HeyLocal */ = {
			isa = PBXGroup;
			children = (
				EF1E4CD028B5426F00D985E3 /* Info.plist */,
				EF8FF26B28B4D16300C053B7 /* Repositories */,
				EF8FF26C28B4D1A800C053B7 /* Services */,
				EF8FF26D28B4D1B400C053B7 /* UI */,
				A813CA2C28B4EE13000F0ADF /* Utils */,
				EF89F5DA28C08092001401FE /* Configurations */,
				EF8FF26A28B4D15600C053B7 /* Models */,
				EF8FF25C28B4D0B100C053B7 /* HeyLocalApp.swift */,
				EF8FF26028B4D0B300C053B7 /* Assets.xcassets */,
				EF8FF26228B4D0B300C053B7 /* Preview Content */,
				EF4DD99C28E23CF500E0D072 /* Colors.xcassets */,
			);
			path = HeyLocal;
			sourceTree = "<group>";
		};
		EF8FF26228B4D0B300C053B7 /* Preview Content */ = {
			isa = PBXGroup;
			children = (
				EF8FF26328B4D0B300C053B7 /* Preview Assets.xcassets */,
			);
			path = "Preview Content";
			sourceTree = "<group>";
		};
		EF8FF26A28B4D15600C053B7 /* Models */ = {
			isa = PBXGroup;
			children = (
				EFAA2AC828BBCF6E00B56A3C /* Auth.swift */,
				EFDC441C28C073E000E8747C /* Plan.swift */,
				A80213D828BF2D6C00B6359E /* Author.swift */,
				A80213D628BF2C9800B6359E /* TravelOn.swift */,
				EF3FCF1828C1345C00D48F9E /* Place.swift */,
				A836925928C72A0500DBDB06 /* Region.swift */,
				A877D99728F2607D00527E21 /* Opinion.swift */,
			);
			path = Models;
			sourceTree = "<group>";
		};
		EF8FF26B28B4D16300C053B7 /* Repositories */ = {
			isa = PBXGroup;
			children = (
				EFAA2AC228BBC30E00B56A3C /* AuthRepository.swift */,
				EFDC441A28C0735400E8747C /* PlanRepository.swift */,
				A80213D428BF2C4900B6359E /* TravelOnRepository.swift */,
				EF6A3FC128E71A2F003F474B /* UserRepository.swift */,
				A877D99D28F2662100527E21 /* OpinionRepository.swift */,
			);
			path = Repositories;
			sourceTree = "<group>";
		};
		EF8FF26C28B4D1A800C053B7 /* Services */ = {
			isa = PBXGroup;
			children = (
				EFAA2AC428BBC48400B56A3C /* AuthService.swift */,
				EF26CD8928C0EECA006D0D27 /* PlanService.swift */,
				A80213DA28BF2EA100B6359E /* TravelOnService.swift */,
				EF6A3FC328E71EE5003F474B /* UserService.swift */,
				EF3C061128E0EDC4003F3188 /* KakaoAPIService.swift */,
				A877D99B28F265F000527E21 /* OpinionService.swift */,
				EF8EB5DC28F8697700F8D9EB /* ScheduleEngine.swift */,
				EF8EB5DE28F86F0700F8D9EB /* ODsayAPIService.swift */,
				EF6ADB9C2901D9FC00A14D26 /* NcpAPIService.swift */,
			);
			path = Services;
			sourceTree = "<group>";
		};
		EF8FF26D28B4D1B400C053B7 /* UI */ = {
			isa = PBXGroup;
			children = (
				EF8FF27328B4D2D100C053B7 /* Main.swift */,
				A80213DC28BF326D00B6359E /* WebImage.swift */,
				EF74BBF828B52CF200E09450 /* LaunchScreen.storyboard */,
				EF8FF26F28B4D1D000C053B7 /* Components */,
				EF8FF26E28B4D1C400C053B7 /* Screens */,
				EF8FF27028B4D1ED00C053B7 /* Styles */,
			);
			path = UI;
			sourceTree = "<group>";
		};
		EF8FF26E28B4D1C400C053B7 /* Screens */ = {
			isa = PBXGroup;
			children = (
				A89943A328EEC5FD0059AAC6 /* RegionPickerScreen */,
				EF3C060A28E0E52F003F3188 /* PlaceSearchScreen */,
				A87F6C9B28C099940076046E /* ProfileScreen */,
				A83F100728BC4E6A00978711 /* TravelOnScreen */,
				A8CD70A028F40A41007E8395 /* OpinionScreen */,
				EF74BBF128B4D55A00E09450 /* HomeScreen */,
				A8794B2D28B4E92400959D56 /* AuthScreen */,
				EF26CD8B28C0F0EA006D0D27 /* MyPlanScreen */,
				EF572AED28ECC23600A09F6D /* PlanCreateScreen */,
				EF572AEE28ECC23F00A09F6D /* PlanDetailScreen */,
			);
			path = Screens;
			sourceTree = "<group>";
		};
		EF8FF26F28B4D1D000C053B7 /* Components */ = {
			isa = PBXGroup;
			children = (
				A8212BB528F1E2E900FD4063 /* OpinionComponent */,
				A8AF3DEA28D407D7009B68BE /* RegionComponent */,
				A87F6CA028C0A1EE0076046E /* ProfileComponent */,
				A80213D128BF2C0700B6359E /* TravelOnList */,
				A87F6C9E28C0A1050076046E /* TopTabs.swift */,
				A836925728C6F48D00DBDB06 /* SearchBar.swift */,
				EF4DD9A028E24CAE00E0D072 /* FAB.swift */,
				EFF223B128F4B33F00E6781D /* BackButton.swift */,
				A814DF7A28ED5D5500DBF383 /* CustomAlert.swift */,
			);
			path = Components;
			sourceTree = "<group>";
		};
		EF8FF27028B4D1ED00C053B7 /* Styles */ = {
			isa = PBXGroup;
			children = (
				A8794B3028B4EB5900959D56 /* BasicButtonStyle.swift */,
				EFF223AF28F4A03E00E6781D /* FlatLinkStyle.swift */,
				A813CA2F28B4F033000F0ADF /* SNSButtonStyle.swift */,
				A8647C3928BDA48B00D284B6 /* WriteButtonStyle.swift */,
				A80B903928CA0FFB0026866A /* ToggleButtonStyle.swift */,
				A83972E928E430AB000E323E /* CustomToggleStyle.swift */,
				A814DF7C28ED60B300DBF383 /* AlertCustomButton.swift */,
				A8B2C29028F52D61008EA020 /* OpinionStyle.swift */,
			);
			path = Styles;
			sourceTree = "<group>";
		};
		EFF9F36E28C5523200E9FCB3 /* DaumMap.embeddedframework */ = {
			isa = PBXGroup;
			children = (
				EFF9F36F28C5523200E9FCB3 /* Resources */,
				EFF9F39428C5523200E9FCB3 /* DaumMap.framework */,
			);
			path = DaumMap.embeddedframework;
			sourceTree = "<group>";
		};
		EFF9F36F28C5523200E9FCB3 /* Resources */ = {
			isa = PBXGroup;
			children = (
				EFF9F37028C5523200E9FCB3 /* map_pinup_custom@3x.png */,
				EFF9F37128C5523200E9FCB3 /* map_pin_custom.png */,
				EFF9F37228C5523200E9FCB3 /* shadow_balloon.png */,
				EFF9F37328C5523200E9FCB3 /* map_pinup.png */,
				EFF9F37428C5523200E9FCB3 /* detail_button.png */,
				EFF9F37528C5523200E9FCB3 /* map_pin_custom@3x.png */,
				EFF9F37628C5523200E9FCB3 /* map_pinup@3x.png */,
				EFF9F37728C5523200E9FCB3 /* map_pin_shadow@3x.png */,
				EFF9F37828C5523200E9FCB3 /* copyright.png */,
				EFF9F37928C5523200E9FCB3 /* th_line.png */,
				EFF9F37A28C5523200E9FCB3 /* map_pin_red@3x.png */,
				EFF9F37B28C5523200E9FCB3 /* daum_copyright.png */,
				EFF9F37C28C5523200E9FCB3 /* map_pin@3x.png */,
				EFF9F37D28C5523200E9FCB3 /* map_present_tracking.png */,
				EFF9F37E28C5523200E9FCB3 /* map_pin_red.png */,
				EFF9F37F28C5523200E9FCB3 /* Headers */,
				EFF9F38828C5523200E9FCB3 /* info_box.png */,
				EFF9F38928C5523200E9FCB3 /* point_sprite.png */,
				EFF9F38A28C5523200E9FCB3 /* map_pinup_custom.png */,
				EFF9F38B28C5523200E9FCB3 /* info_box_tail.png */,
				EFF9F38C28C5523200E9FCB3 /* noimage256.png */,
				EFF9F38D28C5523200E9FCB3 /* map_present_direction.png */,
				EFF9F38E28C5523200E9FCB3 /* map_pin.png */,
				EFF9F38F28C5523200E9FCB3 /* map_present.png */,
				EFF9F39028C5523200E9FCB3 /* noimage.png */,
				EFF9F39128C5523200E9FCB3 /* map_present_background_update.png */,
				EFF9F39228C5523200E9FCB3 /* daum_th_line.png */,
				EFF9F39328C5523200E9FCB3 /* map_pin_shadow.png */,
			);
			path = Resources;
			sourceTree = "<group>";
		};
		EFF9F37F28C5523200E9FCB3 /* Headers */ = {
			isa = PBXGroup;
			children = (
				EFF9F38028C5523200E9FCB3 /* MTMapPOIItem.h */,
				EFF9F38128C5523200E9FCB3 /* MTMapCameraUpdate.h */,
				EFF9F38228C5523200E9FCB3 /* MTMapReverseGeoCoder.h */,
				EFF9F38328C5523200E9FCB3 /* MTMapPolyline.h */,
				EFF9F38428C5523200E9FCB3 /* MTMapLocationMarkerItem.h */,
				EFF9F38528C5523200E9FCB3 /* MTMapView.h */,
				EFF9F38628C5523200E9FCB3 /* MTMapGeometry.h */,
				EFF9F38728C5523200E9FCB3 /* MTMapCircle.h */,
			);
			path = Headers;
			sourceTree = "<group>";
		};
		EFF9F3B128C5525D00E9FCB3 /* Frameworks */ = {
			isa = PBXGroup;
			children = (
				EFF9F3BC28C5533100E9FCB3 /* libsqlite3.tbd */,
				EFF9F3BB28C5532800E9FCB3 /* libxml2.tbd */,
				EFF9F3BA28C5532000E9FCB3 /* libc++.tbd */,
				EFF9F3B828C5531B00E9FCB3 /* QuartzCore.framework */,
				EFF9F3B628C5531300E9FCB3 /* CoreLocation.framework */,
				EFF9F3B428C5530C00E9FCB3 /* SystemConfiguration.framework */,
				EFF9F3B228C552EF00E9FCB3 /* OpenGLES.framework */,
				EFF9F36E28C5523200E9FCB3 /* DaumMap.embeddedframework */,
			);
			path = Frameworks;
			sourceTree = "<group>";
		};
/* End PBXGroup section */

/* Begin PBXNativeTarget section */
		EF8FF25828B4D0B100C053B7 /* HeyLocal */ = {
			isa = PBXNativeTarget;
			buildConfigurationList = EF8FF26728B4D0B300C053B7 /* Build configuration list for PBXNativeTarget "HeyLocal" */;
			buildPhases = (
				EF8FF25528B4D0B100C053B7 /* Sources */,
				EF8FF25628B4D0B100C053B7 /* Frameworks */,
				EF8FF25728B4D0B100C053B7 /* Resources */,
			);
			buildRules = (
			);
			dependencies = (
			);
			name = HeyLocal;
			productName = HeyLocal;
			productReference = EF8FF25928B4D0B100C053B7 /* HeyLocal.app */;
			productType = "com.apple.product-type.application";
		};
/* End PBXNativeTarget section */

/* Begin PBXProject section */
		EF8FF25128B4D0B100C053B7 /* Project object */ = {
			isa = PBXProject;
			attributes = {
				BuildIndependentTargetsInParallel = 1;
				LastSwiftUpdateCheck = 1340;
				LastUpgradeCheck = 1340;
				TargetAttributes = {
					EF8FF25828B4D0B100C053B7 = {
						CreatedOnToolsVersion = 13.4.1;
					};
				};
			};
			buildConfigurationList = EF8FF25428B4D0B100C053B7 /* Build configuration list for PBXProject "HeyLocal" */;
			compatibilityVersion = "Xcode 13.0";
			developmentRegion = en;
			hasScannedForEncodings = 0;
			knownRegions = (
				en,
				Base,
			);
			mainGroup = EF8FF25028B4D0B100C053B7;
			productRefGroup = EF8FF25A28B4D0B100C053B7 /* Products */;
			projectDirPath = "";
			projectRoot = "";
			targets = (
				EF8FF25828B4D0B100C053B7 /* HeyLocal */,
			);
		};
/* End PBXProject section */

/* Begin PBXResourcesBuildPhase section */
		EF8FF25728B4D0B100C053B7 /* Resources */ = {
			isa = PBXResourcesBuildPhase;
			buildActionMask = 2147483647;
			files = (
				EFF9F3AB28C5523200E9FCB3 /* map_present.png in Resources */,
				EFF9F3A128C5523200E9FCB3 /* map_pin@3x.png in Resources */,
				EFF9F39F28C5523200E9FCB3 /* map_pin_red@3x.png in Resources */,
				EFF9F3AA28C5523200E9FCB3 /* map_pin.png in Resources */,
				EFF9F3A328C5523200E9FCB3 /* map_pin_red.png in Resources */,
				EFF9F39528C5523200E9FCB3 /* map_pinup_custom@3x.png in Resources */,
				EFF9F39D28C5523200E9FCB3 /* copyright.png in Resources */,
				EFF9F39C28C5523200E9FCB3 /* map_pin_shadow@3x.png in Resources */,
				EF74BBF928B52CF200E09450 /* LaunchScreen.storyboard in Resources */,
				EFF9F3A028C5523200E9FCB3 /* daum_copyright.png in Resources */,
				EFF9F3A428C5523200E9FCB3 /* info_box.png in Resources */,
				EFF9F39A28C5523200E9FCB3 /* map_pin_custom@3x.png in Resources */,
				EFF9F3AF28C5523200E9FCB3 /* map_pin_shadow.png in Resources */,
				EFF9F3A228C5523200E9FCB3 /* map_present_tracking.png in Resources */,
				EFF9F39928C5523200E9FCB3 /* detail_button.png in Resources */,
				EFF9F3AC28C5523200E9FCB3 /* noimage.png in Resources */,
				EF4DD99D28E23CF500E0D072 /* Colors.xcassets in Resources */,
				EFF9F39E28C5523200E9FCB3 /* th_line.png in Resources */,
				EFF9F3A728C5523200E9FCB3 /* info_box_tail.png in Resources */,
				EFF9F39628C5523200E9FCB3 /* map_pin_custom.png in Resources */,
				EFF9F3A628C5523200E9FCB3 /* map_pinup_custom.png in Resources */,
				EFF9F39B28C5523200E9FCB3 /* map_pinup@3x.png in Resources */,
				EFF9F3A528C5523200E9FCB3 /* point_sprite.png in Resources */,
				EFF9F3AD28C5523200E9FCB3 /* map_present_background_update.png in Resources */,
				EFF9F3A928C5523200E9FCB3 /* map_present_direction.png in Resources */,
				EFF9F3A828C5523200E9FCB3 /* noimage256.png in Resources */,
				EFF9F39728C5523200E9FCB3 /* shadow_balloon.png in Resources */,
				EF8FF26428B4D0B300C053B7 /* Preview Assets.xcassets in Resources */,
				EF8FF26128B4D0B300C053B7 /* Assets.xcassets in Resources */,
				EFF9F3AE28C5523200E9FCB3 /* daum_th_line.png in Resources */,
				EFF9F39828C5523200E9FCB3 /* map_pinup.png in Resources */,
			);
			runOnlyForDeploymentPostprocessing = 0;
		};
/* End PBXResourcesBuildPhase section */

/* Begin PBXSourcesBuildPhase section */
		EF8FF25528B4D0B100C053B7 /* Sources */ = {
			isa = PBXSourcesBuildPhase;
			buildActionMask = 2147483647;
			files = (
				A8212BB728F1E2FD00FD4063 /* OpinionComponent.swift in Sources */,
				EF3FCF1728C12D0800D48F9E /* PlanDetailScreenViewModel.swift in Sources */,
				A80213D328BF2C2100B6359E /* TravelOnViewModel.swift in Sources */,
				A80213DD28BF326D00B6359E /* WebImage.swift in Sources */,
				A836925A28C72A0500DBDB06 /* Region.swift in Sources */,
				A8647C3A28BDA48B00D284B6 /* WriteButtonStyle.swift in Sources */,
				A877D99E28F2662100527E21 /* OpinionRepository.swift in Sources */,
				EF3FCF1528C12A3900D48F9E /* PlanDetailScreen.swift in Sources */,
				EF6A3FC628E93A44003F474B /* PlanCreateScreen.swift in Sources */,
				A80213D328BF2C2100B6359E /* TravelOnViewModel.swift in Sources */,
				A80213DD28BF326D00B6359E /* WebImage.swift in Sources */,
				A8647C3A28BDA48B00D284B6 /* WriteButtonStyle.swift in Sources */,
				A813CA2E28B4EE2B000F0ADF /* ScreenSize.swift in Sources */,
				EF6A3FC828E93A68003F474B /* PlanCreateViewModel.swift in Sources */,
				A87F6C9F28C0A1050076046E /* TopTabs.swift in Sources */,
				A813CA3028B4F033000F0ADF /* SNSButtonStyle.swift in Sources */,
				EF26CD9128C0F153006D0D27 /* MyPlanList.swift in Sources */,
				EF3C060C28E0E53F003F3188 /* PlaceSearchScreen.swift in Sources */,
				A8CD70A228F40A62007E8395 /* OpinionDetailScreen.swift in Sources */,
				EF4DD9A128E24CAE00E0D072 /* FAB.swift in Sources */,
				EFF9F3C728C5C8DA00E9FCB3 /* KakaoMap.swift in Sources */,
				EF6A3FC428E71EE5003F474B /* UserService.swift in Sources */,
				A80213DB28BF2EA100B6359E /* TravelOnService.swift in Sources */,
				EF8EB5DD28F8697700F8D9EB /* ScheduleEngine.swift in Sources */,
				EF6A3FC228E71A2F003F474B /* UserRepository.swift in Sources */,
				EF9D28ED28FE2DF000D2971F /* SerialQueue.swift in Sources */,
				A8AF3DEC28D407E9009B68BE /* RegionComponent.swift in Sources */,
				EF8FF27428B4D2D100C053B7 /* Main.swift in Sources */,
				EFAA2AC328BBC30E00B56A3C /* AuthRepository.swift in Sources */,
				EF26CD9328C0F15E006D0D27 /* MyPlanListViewModel.swift in Sources */,
				A80B903628C9EA200026866A /* TravelOnDetailScreen.swift in Sources */,
				A877D99828F2607D00527E21 /* Opinion.swift in Sources */,
				A8B2C29128F52D61008EA020 /* OpinionStyle.swift in Sources */,
				A80B903C28CA105F0026866A /* TravelOnComponent.swift in Sources */,
				EFDC441B28C0735400E8747C /* PlanRepository.swift in Sources */,
				EF3FCF1928C1345C00D48F9E /* Place.swift in Sources */,
				EF8FF25D28B4D0B100C053B7 /* HeyLocalApp.swift in Sources */,
				EF3C060E28E0E666003F3188 /* PlaceSearchViewModel.swift in Sources */,
				EF6ADB9D2901D9FC00A14D26 /* NcpAPIService.swift in Sources */,
				A877D99A28F2654800527E21 /* OpinionViewModel.swift in Sources */,
				EF6A3FCA28EB3D9B003F474B /* View+Extensions.swift in Sources */,
				A89943A728EED89E0059AAC6 /* RegionViewModel.swift in Sources */,
				A80213D928BF2D6C00B6359E /* Author.swift in Sources */,
				A83972EA28E430AB000E323E /* CustomToggleStyle.swift in Sources */,
				A89943A528EEC6140059AAC6 /* RegionPickerScreen.swift in Sources */,
				A87F6C9D28C099EE0076046E /* MyProfileScreen.swift in Sources */,
				EFAA2ACD28BBD19400B56A3C /* SignInScreenTest.swift in Sources */,
				EFAA2AC528BBC48400B56A3C /* AuthService.swift in Sources */,
				EFAA2AC928BBCF6E00B56A3C /* Auth.swift in Sources */,
				A87F6CA428C0A37A0076046E /* ProfileReviseScreen.swift in Sources */,
				EFF223B028F4A03E00E6781D /* FlatLinkStyle.swift in Sources */,
				A83F100D28BCCCE000978711 /* TravelOnListScreen.swift in Sources */,
				A80213D728BF2C9800B6359E /* TravelOn.swift in Sources */,
				EF74BBF328B4D5C200E09450 /* HomeScreen.swift in Sources */,
				A87F6CA628C0A3AB0076046E /* SettingScreen.swift in Sources */,
				A87F6CA228C0A22B0076046E /* ProfileComponent.swift in Sources */,
				EF3C061228E0EDC4003F3188 /* KakaoAPIService.swift in Sources */,
				A84E841228B8C28600128D9B /* SignInScreen.swift in Sources */,
				EF26CD8A28C0EECA006D0D27 /* PlanService.swift in Sources */,
				EFF223B228F4B33F00E6781D /* BackButton.swift in Sources */,
				A877D99C28F265F000527E21 /* OpinionService.swift in Sources */,
				EF26CD8D28C0F102006D0D27 /* MyPlanScreen.swift in Sources */,
				A8794B3128B4EB5900959D56 /* BasicButtonStyle.swift in Sources */,
				A83DAEED28D0475B001F1F5C /* TravelOnWriteScreen.swift in Sources */,
				A80B903A28CA0FFB0026866A /* ToggleButtonStyle.swift in Sources */,
				EF1E4CCF28B53A6200D985E3 /* NetworkAgent.swift in Sources */,
				A814DF7B28ED5D5500DBF383 /* CustomAlert.swift in Sources */,
				A836925828C6F48D00DBDB06 /* SearchBar.swift in Sources */,
				EF26CD8828C0E9DA006D0D27 /* Config.swift in Sources */,
				EF8EB5DF28F86F0700F8D9EB /* ODsayAPIService.swift in Sources */,
				A80213D528BF2C4900B6359E /* TravelOnRepository.swift in Sources */,
				EF3FCF1C28C135B200D48F9E /* PlaceList.swift in Sources */,
				A8794B2F28B4E93A00959D56 /* SignUpScreen.swift in Sources */,
				EFDC441D28C073E000E8747C /* Plan.swift in Sources */,
				EF26CD9528C0FF12006D0D27 /* DateFormat.swift in Sources */,
				A814DF7D28ED60B300DBF383 /* AlertCustomButton.swift in Sources */,
			);
			runOnlyForDeploymentPostprocessing = 0;
		};
/* End PBXSourcesBuildPhase section */

/* Begin XCBuildConfiguration section */
		EF8FF26528B4D0B300C053B7 /* Debug */ = {
			isa = XCBuildConfiguration;
			buildSettings = {
				ALWAYS_SEARCH_USER_PATHS = NO;
				CLANG_ANALYZER_NONNULL = YES;
				CLANG_ANALYZER_NUMBER_OBJECT_CONVERSION = YES_AGGRESSIVE;
				CLANG_CXX_LANGUAGE_STANDARD = "gnu++17";
				CLANG_ENABLE_MODULES = YES;
				CLANG_ENABLE_OBJC_ARC = NO;
				CLANG_ENABLE_OBJC_WEAK = YES;
				CLANG_WARN_BLOCK_CAPTURE_AUTORELEASING = YES;
				CLANG_WARN_BOOL_CONVERSION = YES;
				CLANG_WARN_COMMA = YES;
				CLANG_WARN_CONSTANT_CONVERSION = YES;
				CLANG_WARN_DEPRECATED_OBJC_IMPLEMENTATIONS = YES;
				CLANG_WARN_DIRECT_OBJC_ISA_USAGE = YES_ERROR;
				CLANG_WARN_DOCUMENTATION_COMMENTS = YES;
				CLANG_WARN_EMPTY_BODY = YES;
				CLANG_WARN_ENUM_CONVERSION = YES;
				CLANG_WARN_INFINITE_RECURSION = YES;
				CLANG_WARN_INT_CONVERSION = YES;
				CLANG_WARN_NON_LITERAL_NULL_CONVERSION = YES;
				CLANG_WARN_OBJC_IMPLICIT_RETAIN_SELF = YES;
				CLANG_WARN_OBJC_LITERAL_CONVERSION = YES;
				CLANG_WARN_OBJC_ROOT_CLASS = YES_ERROR;
				CLANG_WARN_QUOTED_INCLUDE_IN_FRAMEWORK_HEADER = YES;
				CLANG_WARN_RANGE_LOOP_ANALYSIS = YES;
				CLANG_WARN_STRICT_PROTOTYPES = YES;
				CLANG_WARN_SUSPICIOUS_MOVE = YES;
				CLANG_WARN_UNGUARDED_AVAILABILITY = YES_AGGRESSIVE;
				CLANG_WARN_UNREACHABLE_CODE = YES;
				CLANG_WARN__DUPLICATE_METHOD_MATCH = YES;
				COPY_PHASE_STRIP = NO;
				DEBUG_INFORMATION_FORMAT = dwarf;
				ENABLE_STRICT_OBJC_MSGSEND = YES;
				ENABLE_TESTABILITY = YES;
				GCC_C_LANGUAGE_STANDARD = gnu11;
				GCC_DYNAMIC_NO_PIC = NO;
				GCC_NO_COMMON_BLOCKS = YES;
				GCC_OPTIMIZATION_LEVEL = 0;
				GCC_PREPROCESSOR_DEFINITIONS = (
					"DEBUG=1",
					"$(inherited)",
				);
				GCC_WARN_64_TO_32_BIT_CONVERSION = YES;
				GCC_WARN_ABOUT_RETURN_TYPE = YES_ERROR;
				GCC_WARN_UNDECLARED_SELECTOR = YES;
				GCC_WARN_UNINITIALIZED_AUTOS = YES_AGGRESSIVE;
				GCC_WARN_UNUSED_FUNCTION = YES;
				GCC_WARN_UNUSED_VARIABLE = YES;
				INFOPLIST_KEY_CFBundleDisplayName = "현지야";
				IPHONEOS_DEPLOYMENT_TARGET = 15.0;
				MTL_ENABLE_DEBUG_INFO = INCLUDE_SOURCE;
				MTL_FAST_MATH = YES;
				ONLY_ACTIVE_ARCH = YES;
				SDKROOT = iphoneos;
				SWIFT_ACTIVE_COMPILATION_CONDITIONS = DEBUG;
				SWIFT_OPTIMIZATION_LEVEL = "-Onone";
			};
			name = Debug;
		};
		EF8FF26628B4D0B300C053B7 /* Release */ = {
			isa = XCBuildConfiguration;
			buildSettings = {
				ALWAYS_SEARCH_USER_PATHS = NO;
				CLANG_ANALYZER_NONNULL = YES;
				CLANG_ANALYZER_NUMBER_OBJECT_CONVERSION = YES_AGGRESSIVE;
				CLANG_CXX_LANGUAGE_STANDARD = "gnu++17";
				CLANG_ENABLE_MODULES = YES;
				CLANG_ENABLE_OBJC_ARC = NO;
				CLANG_ENABLE_OBJC_WEAK = YES;
				CLANG_WARN_BLOCK_CAPTURE_AUTORELEASING = YES;
				CLANG_WARN_BOOL_CONVERSION = YES;
				CLANG_WARN_COMMA = YES;
				CLANG_WARN_CONSTANT_CONVERSION = YES;
				CLANG_WARN_DEPRECATED_OBJC_IMPLEMENTATIONS = YES;
				CLANG_WARN_DIRECT_OBJC_ISA_USAGE = YES_ERROR;
				CLANG_WARN_DOCUMENTATION_COMMENTS = YES;
				CLANG_WARN_EMPTY_BODY = YES;
				CLANG_WARN_ENUM_CONVERSION = YES;
				CLANG_WARN_INFINITE_RECURSION = YES;
				CLANG_WARN_INT_CONVERSION = YES;
				CLANG_WARN_NON_LITERAL_NULL_CONVERSION = YES;
				CLANG_WARN_OBJC_IMPLICIT_RETAIN_SELF = YES;
				CLANG_WARN_OBJC_LITERAL_CONVERSION = YES;
				CLANG_WARN_OBJC_ROOT_CLASS = YES_ERROR;
				CLANG_WARN_QUOTED_INCLUDE_IN_FRAMEWORK_HEADER = YES;
				CLANG_WARN_RANGE_LOOP_ANALYSIS = YES;
				CLANG_WARN_STRICT_PROTOTYPES = YES;
				CLANG_WARN_SUSPICIOUS_MOVE = YES;
				CLANG_WARN_UNGUARDED_AVAILABILITY = YES_AGGRESSIVE;
				CLANG_WARN_UNREACHABLE_CODE = YES;
				CLANG_WARN__DUPLICATE_METHOD_MATCH = YES;
				COPY_PHASE_STRIP = NO;
				DEBUG_INFORMATION_FORMAT = "dwarf-with-dsym";
				ENABLE_NS_ASSERTIONS = NO;
				ENABLE_STRICT_OBJC_MSGSEND = YES;
				GCC_C_LANGUAGE_STANDARD = gnu11;
				GCC_NO_COMMON_BLOCKS = YES;
				GCC_WARN_64_TO_32_BIT_CONVERSION = YES;
				GCC_WARN_ABOUT_RETURN_TYPE = YES_ERROR;
				GCC_WARN_UNDECLARED_SELECTOR = YES;
				GCC_WARN_UNINITIALIZED_AUTOS = YES_AGGRESSIVE;
				GCC_WARN_UNUSED_FUNCTION = YES;
				GCC_WARN_UNUSED_VARIABLE = YES;
				INFOPLIST_KEY_CFBundleDisplayName = "현지야";
				IPHONEOS_DEPLOYMENT_TARGET = 15.0;
				MTL_ENABLE_DEBUG_INFO = NO;
				MTL_FAST_MATH = YES;
				SDKROOT = iphoneos;
				SWIFT_COMPILATION_MODE = wholemodule;
				SWIFT_OPTIMIZATION_LEVEL = "-O";
				VALIDATE_PRODUCT = YES;
			};
			name = Release;
		};
		EF8FF26828B4D0B300C053B7 /* Debug */ = {
			isa = XCBuildConfiguration;
			baseConfigurationReference = EF89F5DB28C08103001401FE /* Main.xcconfig */;
			buildSettings = {
				ASSETCATALOG_COMPILER_APPICON_NAME = AppIcon;
				ASSETCATALOG_COMPILER_GLOBAL_ACCENT_COLOR_NAME = AccentColor;
				CODE_SIGN_STYLE = Automatic;
				CURRENT_PROJECT_VERSION = 20221014;
				DEVELOPMENT_ASSET_PATHS = "\"HeyLocal/Preview Content\"";
				DEVELOPMENT_TEAM = 3X3P9744G9;
				ENABLE_PREVIEWS = YES;
				EXCLUDED_ARCHS = "";
				"EXCLUDED_ARCHS[sdk=iphonesimulator*]" = arm64;
				FRAMEWORK_SEARCH_PATHS = (
					"$(inherited)",
					"$(PROJECT_DIR)/Frameworks/DaumMap.embeddedframework",
				);
				GENERATE_INFOPLIST_FILE = YES;
				HEADER_SEARCH_PATHS = "";
				INFOPLIST_FILE = HeyLocal/Info.plist;
				INFOPLIST_KEY_CFBundleDisplayName = "현지야";
				INFOPLIST_KEY_NSLocationWhenInUseUsageDescription = "지도를 통해 현재 위치를 제공하기 위해 위치 권한이 필요합니다.";
				INFOPLIST_KEY_UIApplicationSceneManifest_Generation = YES;
				INFOPLIST_KEY_UIApplicationSupportsIndirectInputEvents = YES;
				INFOPLIST_KEY_UILaunchScreen_Generation = YES;
				INFOPLIST_KEY_UILaunchStoryboardName = LaunchScreen;
				INFOPLIST_KEY_UISupportedInterfaceOrientations = UIInterfaceOrientationPortrait;
				INFOPLIST_KEY_UISupportedInterfaceOrientations_iPad = "UIInterfaceOrientationPortrait UIInterfaceOrientationPortraitUpsideDown UIInterfaceOrientationLandscapeLeft UIInterfaceOrientationLandscapeRight";
				INFOPLIST_KEY_UISupportedInterfaceOrientations_iPhone = "UIInterfaceOrientationPortrait UIInterfaceOrientationLandscapeLeft UIInterfaceOrientationLandscapeRight";
				INFOPLIST_KEY_UIUserInterfaceStyle = Light;
				IPHONEOS_DEPLOYMENT_TARGET = 15.0;
				LD_RUNPATH_SEARCH_PATHS = (
					"$(inherited)",
					"@executable_path/Frameworks",
				);
				LIBRARY_SEARCH_PATHS = "";
				MARKETING_VERSION = 1.2.0;
				PRODUCT_BUNDLE_IDENTIFIER = com.tgt.HeyLocal;
				PRODUCT_NAME = "$(TARGET_NAME)";
				SWIFT_EMIT_LOC_STRINGS = YES;
				SWIFT_OBJC_BRIDGING_HEADER = "HeyLocal-Bridging-Header.h";
				SWIFT_VERSION = 5.0;
				TARGETED_DEVICE_FAMILY = 1;
			};
			name = Debug;
		};
		EF8FF26928B4D0B300C053B7 /* Release */ = {
			isa = XCBuildConfiguration;
			baseConfigurationReference = EF89F5DB28C08103001401FE /* Main.xcconfig */;
			buildSettings = {
				ASSETCATALOG_COMPILER_APPICON_NAME = AppIcon;
				ASSETCATALOG_COMPILER_GLOBAL_ACCENT_COLOR_NAME = AccentColor;
				CODE_SIGN_STYLE = Automatic;
				CURRENT_PROJECT_VERSION = 20221014;
				DEVELOPMENT_ASSET_PATHS = "\"HeyLocal/Preview Content\"";
				DEVELOPMENT_TEAM = 3X3P9744G9;
				ENABLE_PREVIEWS = YES;
				"EXCLUDED_ARCHS[sdk=iphonesimulator*]" = arm64;
				FRAMEWORK_SEARCH_PATHS = (
					"$(inherited)",
					"$(PROJECT_DIR)/Frameworks/DaumMap.embeddedframework",
				);
				GENERATE_INFOPLIST_FILE = YES;
				HEADER_SEARCH_PATHS = "";
				INFOPLIST_FILE = HeyLocal/Info.plist;
				INFOPLIST_KEY_CFBundleDisplayName = "현지야";
				INFOPLIST_KEY_NSLocationWhenInUseUsageDescription = "지도를 통해 현재 위치를 제공하기 위해 위치 권한이 필요합니다.";
				INFOPLIST_KEY_UIApplicationSceneManifest_Generation = YES;
				INFOPLIST_KEY_UIApplicationSupportsIndirectInputEvents = YES;
				INFOPLIST_KEY_UILaunchScreen_Generation = YES;
				INFOPLIST_KEY_UILaunchStoryboardName = LaunchScreen;
				INFOPLIST_KEY_UISupportedInterfaceOrientations = UIInterfaceOrientationPortrait;
				INFOPLIST_KEY_UISupportedInterfaceOrientations_iPad = "UIInterfaceOrientationPortrait UIInterfaceOrientationPortraitUpsideDown UIInterfaceOrientationLandscapeLeft UIInterfaceOrientationLandscapeRight";
				INFOPLIST_KEY_UISupportedInterfaceOrientations_iPhone = "UIInterfaceOrientationPortrait UIInterfaceOrientationLandscapeLeft UIInterfaceOrientationLandscapeRight";
				INFOPLIST_KEY_UIUserInterfaceStyle = Light;
				IPHONEOS_DEPLOYMENT_TARGET = 15.0;
				LD_RUNPATH_SEARCH_PATHS = (
					"$(inherited)",
					"@executable_path/Frameworks",
				);
				LIBRARY_SEARCH_PATHS = "";
				MARKETING_VERSION = 1.2.0;
				PRODUCT_BUNDLE_IDENTIFIER = com.tgt.HeyLocal;
				PRODUCT_NAME = "$(TARGET_NAME)";
				SWIFT_EMIT_LOC_STRINGS = YES;
				SWIFT_OBJC_BRIDGING_HEADER = "HeyLocal-Bridging-Header.h";
				SWIFT_VERSION = 5.0;
				TARGETED_DEVICE_FAMILY = 1;
			};
			name = Release;
		};
/* End XCBuildConfiguration section */

/* Begin XCConfigurationList section */
		EF8FF25428B4D0B100C053B7 /* Build configuration list for PBXProject "HeyLocal" */ = {
			isa = XCConfigurationList;
			buildConfigurations = (
				EF8FF26528B4D0B300C053B7 /* Debug */,
				EF8FF26628B4D0B300C053B7 /* Release */,
			);
			defaultConfigurationIsVisible = 0;
			defaultConfigurationName = Release;
		};
		EF8FF26728B4D0B300C053B7 /* Build configuration list for PBXNativeTarget "HeyLocal" */ = {
			isa = XCConfigurationList;
			buildConfigurations = (
				EF8FF26828B4D0B300C053B7 /* Debug */,
				EF8FF26928B4D0B300C053B7 /* Release */,
			);
			defaultConfigurationIsVisible = 0;
			defaultConfigurationName = Release;
		};
/* End XCConfigurationList section */
	};
	rootObject = EF8FF25128B4D0B100C053B7 /* Project object */;
}
