// !$*UTF8*$!
{
	archiveVersion = 1;
	classes = {
	};
	objectVersion = 55;
	objects = {

/* Begin PBXBuildFile section */
		A813CA2E28B4EE2B000F0ADF /* ScreenSize.swift in Sources */ = {isa = PBXBuildFile; fileRef = A813CA2D28B4EE2B000F0ADF /* ScreenSize.swift */; };
		A813CA3028B4F033000F0ADF /* SNSButtonStyle.swift in Sources */ = {isa = PBXBuildFile; fileRef = A813CA2F28B4F033000F0ADF /* SNSButtonStyle.swift */; };
		A8794B2F28B4E93A00959D56 /* SignUpScreen.swift in Sources */ = {isa = PBXBuildFile; fileRef = A8794B2E28B4E93A00959D56 /* SignUpScreen.swift */; };
		A8794B3128B4EB5900959D56 /* BasicButtonStyle.swift in Sources */ = {isa = PBXBuildFile; fileRef = A8794B3028B4EB5900959D56 /* BasicButtonStyle.swift */; };
		EF1E4CCF28B53A6200D985E3 /* NetworkAgent.swift in Sources */ = {isa = PBXBuildFile; fileRef = EF1E4CCE28B53A6200D985E3 /* NetworkAgent.swift */; };
		EF74BBF328B4D5C200E09450 /* HomeScreen.swift in Sources */ = {isa = PBXBuildFile; fileRef = EF74BBF228B4D5C200E09450 /* HomeScreen.swift */; };
		EF74BBF928B52CF200E09450 /* LaunchScreen.storyboard in Resources */ = {isa = PBXBuildFile; fileRef = EF74BBF828B52CF200E09450 /* LaunchScreen.storyboard */; };
		EF8FF25D28B4D0B100C053B7 /* HeyLocalApp.swift in Sources */ = {isa = PBXBuildFile; fileRef = EF8FF25C28B4D0B100C053B7 /* HeyLocalApp.swift */; };
		EF8FF26128B4D0B300C053B7 /* Assets.xcassets in Resources */ = {isa = PBXBuildFile; fileRef = EF8FF26028B4D0B300C053B7 /* Assets.xcassets */; };
		EF8FF26428B4D0B300C053B7 /* Preview Assets.xcassets in Resources */ = {isa = PBXBuildFile; fileRef = EF8FF26328B4D0B300C053B7 /* Preview Assets.xcassets */; };
		EF8FF27428B4D2D100C053B7 /* Main.swift in Sources */ = {isa = PBXBuildFile; fileRef = EF8FF27328B4D2D100C053B7 /* Main.swift */; };
/* End PBXBuildFile section */

/* Begin PBXFileReference section */
		A813CA2D28B4EE2B000F0ADF /* ScreenSize.swift */ = {isa = PBXFileReference; lastKnownFileType = sourcecode.swift; path = ScreenSize.swift; sourceTree = "<group>"; };
		A813CA2F28B4F033000F0ADF /* SNSButtonStyle.swift */ = {isa = PBXFileReference; lastKnownFileType = sourcecode.swift; path = SNSButtonStyle.swift; sourceTree = "<group>"; };
		A8794B2E28B4E93A00959D56 /* SignUpScreen.swift */ = {isa = PBXFileReference; lastKnownFileType = sourcecode.swift; path = SignUpScreen.swift; sourceTree = "<group>"; };
		A8794B3028B4EB5900959D56 /* BasicButtonStyle.swift */ = {isa = PBXFileReference; lastKnownFileType = sourcecode.swift; path = BasicButtonStyle.swift; sourceTree = "<group>"; };
		EF1E4CCE28B53A6200D985E3 /* NetworkAgent.swift */ = {isa = PBXFileReference; lastKnownFileType = sourcecode.swift; path = NetworkAgent.swift; sourceTree = "<group>"; };
		EF1E4CD028B5426F00D985E3 /* Info.plist */ = {isa = PBXFileReference; lastKnownFileType = text.plist; path = Info.plist; sourceTree = "<group>"; };
		EF74BBF228B4D5C200E09450 /* HomeScreen.swift */ = {isa = PBXFileReference; lastKnownFileType = sourcecode.swift; path = HomeScreen.swift; sourceTree = "<group>"; };
		EF74BBF828B52CF200E09450 /* LaunchScreen.storyboard */ = {isa = PBXFileReference; lastKnownFileType = file.storyboard; path = LaunchScreen.storyboard; sourceTree = "<group>"; };
		EF8FF25928B4D0B100C053B7 /* HeyLocal.app */ = {isa = PBXFileReference; explicitFileType = wrapper.application; includeInIndex = 0; path = HeyLocal.app; sourceTree = BUILT_PRODUCTS_DIR; };
		EF8FF25C28B4D0B100C053B7 /* HeyLocalApp.swift */ = {isa = PBXFileReference; lastKnownFileType = sourcecode.swift; path = HeyLocalApp.swift; sourceTree = "<group>"; };
		EF8FF26028B4D0B300C053B7 /* Assets.xcassets */ = {isa = PBXFileReference; lastKnownFileType = folder.assetcatalog; path = Assets.xcassets; sourceTree = "<group>"; };
		EF8FF26328B4D0B300C053B7 /* Preview Assets.xcassets */ = {isa = PBXFileReference; lastKnownFileType = folder.assetcatalog; path = "Preview Assets.xcassets"; sourceTree = "<group>"; };
		EF8FF27328B4D2D100C053B7 /* Main.swift */ = {isa = PBXFileReference; lastKnownFileType = sourcecode.swift; path = Main.swift; sourceTree = "<group>"; };
/* End PBXFileReference section */

/* Begin PBXFrameworksBuildPhase section */
		EF8FF25628B4D0B100C053B7 /* Frameworks */ = {
			isa = PBXFrameworksBuildPhase;
			buildActionMask = 2147483647;
			files = (
			);
			runOnlyForDeploymentPostprocessing = 0;
		};
/* End PBXFrameworksBuildPhase section */

/* Begin PBXGroup section */
		A813CA2C28B4EE13000F0ADF /* Utils */ = {
			isa = PBXGroup;
			children = (
				A813CA2D28B4EE2B000F0ADF /* ScreenSize.swift */,
			);
			path = Utils;
			sourceTree = "<group>";
		};
		A8794B2D28B4E92400959D56 /* AuthScreen */ = {
			isa = PBXGroup;
			children = (
				A8794B2E28B4E93A00959D56 /* SignUpScreen.swift */,
			);
			path = AuthScreen;
			sourceTree = "<group>";
		};
		EF66D0DB28BBB50800A97761 /* Networking */ = {
			isa = PBXGroup;
			children = (
				EF1E4CCE28B53A6200D985E3 /* NetworkAgent.swift */,
			);
			path = Networking;
			sourceTree = "<group>";
		};
		EF74BBF128B4D55A00E09450 /* HomeScreen */ = {
			isa = PBXGroup;
			children = (
				EF74BBF228B4D5C200E09450 /* HomeScreen.swift */,
			);
			path = HomeScreen;
			sourceTree = "<group>";
		};
		EF8FF25028B4D0B100C053B7 = {
			isa = PBXGroup;
			children = (
				EF8FF25B28B4D0B100C053B7 /* HeyLocal */,
				EF8FF25A28B4D0B100C053B7 /* Products */,
			);
			sourceTree = "<group>";
		};
		EF8FF25A28B4D0B100C053B7 /* Products */ = {
			isa = PBXGroup;
			children = (
				EF8FF25928B4D0B100C053B7 /* HeyLocal.app */,
			);
			name = Products;
			sourceTree = "<group>";
		};
		EF8FF25B28B4D0B100C053B7 /* HeyLocal */ = {
			isa = PBXGroup;
			children = (
				EF1E4CD028B5426F00D985E3 /* Info.plist */,
				EF66D0DB28BBB50800A97761 /* Networking */,
				A813CA2C28B4EE13000F0ADF /* Utils */,
				EF8FF26D28B4D1B400C053B7 /* UI */,
				EF8FF26C28B4D1A800C053B7 /* Services */,
				EF8FF26B28B4D16300C053B7 /* Repositories */,
				EF8FF25C28B4D0B100C053B7 /* HeyLocalApp.swift */,
				EF8FF26A28B4D15600C053B7 /* Models */,
				EF8FF26028B4D0B300C053B7 /* Assets.xcassets */,
				EF8FF26228B4D0B300C053B7 /* Preview Content */,
			);
			path = HeyLocal;
			sourceTree = "<group>";
		};
		EF8FF26228B4D0B300C053B7 /* Preview Content */ = {
			isa = PBXGroup;
			children = (
				EF8FF26328B4D0B300C053B7 /* Preview Assets.xcassets */,
			);
			path = "Preview Content";
			sourceTree = "<group>";
		};
		EF8FF26A28B4D15600C053B7 /* Models */ = {
			isa = PBXGroup;
			children = (
			);
			path = Models;
			sourceTree = "<group>";
		};
		EF8FF26B28B4D16300C053B7 /* Repositories */ = {
			isa = PBXGroup;
			children = (
			);
			path = Repositories;
			sourceTree = "<group>";
		};
		EF8FF26C28B4D1A800C053B7 /* Services */ = {
			isa = PBXGroup;
			children = (
			);
			path = Services;
			sourceTree = "<group>";
		};
		EF8FF26D28B4D1B400C053B7 /* UI */ = {
			isa = PBXGroup;
			children = (
				EF8FF27028B4D1ED00C053B7 /* Styles */,
				EF8FF26F28B4D1D000C053B7 /* Components */,
				EF8FF26E28B4D1C400C053B7 /* Screens */,
				EF8FF27328B4D2D100C053B7 /* Main.swift */,
				EF74BBF828B52CF200E09450 /* LaunchScreen.storyboard */,
			);
			path = UI;
			sourceTree = "<group>";
		};
		EF8FF26E28B4D1C400C053B7 /* Screens */ = {
			isa = PBXGroup;
			children = (
				EF74BBF128B4D55A00E09450 /* HomeScreen */,
				A8794B2D28B4E92400959D56 /* AuthScreen */,
			);
			path = Screens;
			sourceTree = "<group>";
		};
		EF8FF26F28B4D1D000C053B7 /* Components */ = {
			isa = PBXGroup;
			children = (
			);
			path = Components;
			sourceTree = "<group>";
		};
		EF8FF27028B4D1ED00C053B7 /* Styles */ = {
			isa = PBXGroup;
			children = (
				A8794B3028B4EB5900959D56 /* BasicButtonStyle.swift */,
				A813CA2F28B4F033000F0ADF /* SNSButtonStyle.swift */,
			);
			path = Styles;
			sourceTree = "<group>";
		};
/* End PBXGroup section */

/* Begin PBXNativeTarget section */
		EF8FF25828B4D0B100C053B7 /* HeyLocal */ = {
			isa = PBXNativeTarget;
			buildConfigurationList = EF8FF26728B4D0B300C053B7 /* Build configuration list for PBXNativeTarget "HeyLocal" */;
			buildPhases = (
				EF8FF25528B4D0B100C053B7 /* Sources */,
				EF8FF25628B4D0B100C053B7 /* Frameworks */,
				EF8FF25728B4D0B100C053B7 /* Resources */,
			);
			buildRules = (
			);
			dependencies = (
			);
			name = HeyLocal;
			productName = HeyLocal;
			productReference = EF8FF25928B4D0B100C053B7 /* HeyLocal.app */;
			productType = "com.apple.product-type.application";
		};
/* End PBXNativeTarget section */

/* Begin PBXProject section */
		EF8FF25128B4D0B100C053B7 /* Project object */ = {
			isa = PBXProject;
			attributes = {
				BuildIndependentTargetsInParallel = 1;
				LastSwiftUpdateCheck = 1340;
				LastUpgradeCheck = 1340;
				TargetAttributes = {
					EF8FF25828B4D0B100C053B7 = {
						CreatedOnToolsVersion = 13.4.1;
					};
				};
			};
			buildConfigurationList = EF8FF25428B4D0B100C053B7 /* Build configuration list for PBXProject "HeyLocal" */;
			compatibilityVersion = "Xcode 13.0";
			developmentRegion = en;
			hasScannedForEncodings = 0;
			knownRegions = (
				en,
				Base,
			);
			mainGroup = EF8FF25028B4D0B100C053B7;
			productRefGroup = EF8FF25A28B4D0B100C053B7 /* Products */;
			projectDirPath = "";
			projectRoot = "";
			targets = (
				EF8FF25828B4D0B100C053B7 /* HeyLocal */,
			);
		};
/* End PBXProject section */

/* Begin PBXResourcesBuildPhase section */
		EF8FF25728B4D0B100C053B7 /* Resources */ = {
			isa = PBXResourcesBuildPhase;
			buildActionMask = 2147483647;
			files = (
				EF74BBF928B52CF200E09450 /* LaunchScreen.storyboard in Resources */,
				EF8FF26428B4D0B300C053B7 /* Preview Assets.xcassets in Resources */,
				EF8FF26128B4D0B300C053B7 /* Assets.xcassets in Resources */,
			);
			runOnlyForDeploymentPostprocessing = 0;
		};
/* End PBXResourcesBuildPhase section */

/* Begin PBXSourcesBuildPhase section */
		EF8FF25528B4D0B100C053B7 /* Sources */ = {
			isa = PBXSourcesBuildPhase;
			buildActionMask = 2147483647;
			files = (
				A813CA2E28B4EE2B000F0ADF /* ScreenSize.swift in Sources */,
				A813CA3028B4F033000F0ADF /* SNSButtonStyle.swift in Sources */,
				EF8FF27428B4D2D100C053B7 /* Main.swift in Sources */,
				EF8FF25D28B4D0B100C053B7 /* HeyLocalApp.swift in Sources */,
				EF74BBF328B4D5C200E09450 /* HomeScreen.swift in Sources */,
				A8794B3128B4EB5900959D56 /* BasicButtonStyle.swift in Sources */,
				EF1E4CCF28B53A6200D985E3 /* NetworkAgent.swift in Sources */,
				A8794B2F28B4E93A00959D56 /* SignUpScreen.swift in Sources */,
			);
			runOnlyForDeploymentPostprocessing = 0;
		};
/* End PBXSourcesBuildPhase section */

/* Begin XCBuildConfiguration section */
		EF8FF26528B4D0B300C053B7 /* Debug */ = {
			isa = XCBuildConfiguration;
			buildSettings = {
				ALWAYS_SEARCH_USER_PATHS = NO;
				CLANG_ANALYZER_NONNULL = YES;
				CLANG_ANALYZER_NUMBER_OBJECT_CONVERSION = YES_AGGRESSIVE;
				CLANG_CXX_LANGUAGE_STANDARD = "gnu++17";
				CLANG_ENABLE_MODULES = YES;
				CLANG_ENABLE_OBJC_ARC = YES;
				CLANG_ENABLE_OBJC_WEAK = YES;
				CLANG_WARN_BLOCK_CAPTURE_AUTORELEASING = YES;
				CLANG_WARN_BOOL_CONVERSION = YES;
				CLANG_WARN_COMMA = YES;
				CLANG_WARN_CONSTANT_CONVERSION = YES;
				CLANG_WARN_DEPRECATED_OBJC_IMPLEMENTATIONS = YES;
				CLANG_WARN_DIRECT_OBJC_ISA_USAGE = YES_ERROR;
				CLANG_WARN_DOCUMENTATION_COMMENTS = YES;
				CLANG_WARN_EMPTY_BODY = YES;
				CLANG_WARN_ENUM_CONVERSION = YES;
				CLANG_WARN_INFINITE_RECURSION = YES;
				CLANG_WARN_INT_CONVERSION = YES;
				CLANG_WARN_NON_LITERAL_NULL_CONVERSION = YES;
				CLANG_WARN_OBJC_IMPLICIT_RETAIN_SELF = YES;
				CLANG_WARN_OBJC_LITERAL_CONVERSION = YES;
				CLANG_WARN_OBJC_ROOT_CLASS = YES_ERROR;
				CLANG_WARN_QUOTED_INCLUDE_IN_FRAMEWORK_HEADER = YES;
				CLANG_WARN_RANGE_LOOP_ANALYSIS = YES;
				CLANG_WARN_STRICT_PROTOTYPES = YES;
				CLANG_WARN_SUSPICIOUS_MOVE = YES;
				CLANG_WARN_UNGUARDED_AVAILABILITY = YES_AGGRESSIVE;
				CLANG_WARN_UNREACHABLE_CODE = YES;
				CLANG_WARN__DUPLICATE_METHOD_MATCH = YES;
				COPY_PHASE_STRIP = NO;
				DEBUG_INFORMATION_FORMAT = dwarf;
				ENABLE_STRICT_OBJC_MSGSEND = YES;
				ENABLE_TESTABILITY = YES;
				GCC_C_LANGUAGE_STANDARD = gnu11;
				GCC_DYNAMIC_NO_PIC = NO;
				GCC_NO_COMMON_BLOCKS = YES;
				GCC_OPTIMIZATION_LEVEL = 0;
				GCC_PREPROCESSOR_DEFINITIONS = (
					"DEBUG=1",
					"$(inherited)",
				);
				GCC_WARN_64_TO_32_BIT_CONVERSION = YES;
				GCC_WARN_ABOUT_RETURN_TYPE = YES_ERROR;
				GCC_WARN_UNDECLARED_SELECTOR = YES;
				GCC_WARN_UNINITIALIZED_AUTOS = YES_AGGRESSIVE;
				GCC_WARN_UNUSED_FUNCTION = YES;
				GCC_WARN_UNUSED_VARIABLE = YES;
				INFOPLIST_KEY_CFBundleDisplayName = "현지야";
				IPHONEOS_DEPLOYMENT_TARGET = 14.0;
				MTL_ENABLE_DEBUG_INFO = INCLUDE_SOURCE;
				MTL_FAST_MATH = YES;
				ONLY_ACTIVE_ARCH = YES;
				SDKROOT = iphoneos;
				SWIFT_ACTIVE_COMPILATION_CONDITIONS = DEBUG;
				SWIFT_OPTIMIZATION_LEVEL = "-Onone";
			};
			name = Debug;
		};
		EF8FF26628B4D0B300C053B7 /* Release */ = {
			isa = XCBuildConfiguration;
			buildSettings = {
				ALWAYS_SEARCH_USER_PATHS = NO;
				CLANG_ANALYZER_NONNULL = YES;
				CLANG_ANALYZER_NUMBER_OBJECT_CONVERSION = YES_AGGRESSIVE;
				CLANG_CXX_LANGUAGE_STANDARD = "gnu++17";
				CLANG_ENABLE_MODULES = YES;
				CLANG_ENABLE_OBJC_ARC = YES;
				CLANG_ENABLE_OBJC_WEAK = YES;
				CLANG_WARN_BLOCK_CAPTURE_AUTORELEASING = YES;
				CLANG_WARN_BOOL_CONVERSION = YES;
				CLANG_WARN_COMMA = YES;
				CLANG_WARN_CONSTANT_CONVERSION = YES;
				CLANG_WARN_DEPRECATED_OBJC_IMPLEMENTATIONS = YES;
				CLANG_WARN_DIRECT_OBJC_ISA_USAGE = YES_ERROR;
				CLANG_WARN_DOCUMENTATION_COMMENTS = YES;
				CLANG_WARN_EMPTY_BODY = YES;
				CLANG_WARN_ENUM_CONVERSION = YES;
				CLANG_WARN_INFINITE_RECURSION = YES;
				CLANG_WARN_INT_CONVERSION = YES;
				CLANG_WARN_NON_LITERAL_NULL_CONVERSION = YES;
				CLANG_WARN_OBJC_IMPLICIT_RETAIN_SELF = YES;
				CLANG_WARN_OBJC_LITERAL_CONVERSION = YES;
				CLANG_WARN_OBJC_ROOT_CLASS = YES_ERROR;
				CLANG_WARN_QUOTED_INCLUDE_IN_FRAMEWORK_HEADER = YES;
				CLANG_WARN_RANGE_LOOP_ANALYSIS = YES;
				CLANG_WARN_STRICT_PROTOTYPES = YES;
				CLANG_WARN_SUSPICIOUS_MOVE = YES;
				CLANG_WARN_UNGUARDED_AVAILABILITY = YES_AGGRESSIVE;
				CLANG_WARN_UNREACHABLE_CODE = YES;
				CLANG_WARN__DUPLICATE_METHOD_MATCH = YES;
				COPY_PHASE_STRIP = NO;
				DEBUG_INFORMATION_FORMAT = "dwarf-with-dsym";
				ENABLE_NS_ASSERTIONS = NO;
				ENABLE_STRICT_OBJC_MSGSEND = YES;
				GCC_C_LANGUAGE_STANDARD = gnu11;
				GCC_NO_COMMON_BLOCKS = YES;
				GCC_WARN_64_TO_32_BIT_CONVERSION = YES;
				GCC_WARN_ABOUT_RETURN_TYPE = YES_ERROR;
				GCC_WARN_UNDECLARED_SELECTOR = YES;
				GCC_WARN_UNINITIALIZED_AUTOS = YES_AGGRESSIVE;
				GCC_WARN_UNUSED_FUNCTION = YES;
				GCC_WARN_UNUSED_VARIABLE = YES;
				INFOPLIST_KEY_CFBundleDisplayName = "현지야";
				IPHONEOS_DEPLOYMENT_TARGET = 14.0;
				MTL_ENABLE_DEBUG_INFO = NO;
				MTL_FAST_MATH = YES;
				SDKROOT = iphoneos;
				SWIFT_COMPILATION_MODE = wholemodule;
				SWIFT_OPTIMIZATION_LEVEL = "-O";
				VALIDATE_PRODUCT = YES;
			};
			name = Release;
		};
		EF8FF26828B4D0B300C053B7 /* Debug */ = {
			isa = XCBuildConfiguration;
			buildSettings = {
				ASSETCATALOG_COMPILER_APPICON_NAME = AppIcon;
				ASSETCATALOG_COMPILER_GLOBAL_ACCENT_COLOR_NAME = AccentColor;
				CODE_SIGN_STYLE = Automatic;
				CURRENT_PROJECT_VERSION = 1;
				DEVELOPMENT_ASSET_PATHS = "\"HeyLocal/Preview Content\"";
				ENABLE_PREVIEWS = YES;
				GENERATE_INFOPLIST_FILE = YES;
				INFOPLIST_FILE = HeyLocal/Info.plist;
				INFOPLIST_KEY_CFBundleDisplayName = "현지야";
				INFOPLIST_KEY_UIApplicationSceneManifest_Generation = YES;
				INFOPLIST_KEY_UIApplicationSupportsIndirectInputEvents = YES;
				INFOPLIST_KEY_UILaunchScreen_Generation = YES;
				INFOPLIST_KEY_UILaunchStoryboardName = LaunchScreen;
				INFOPLIST_KEY_UISupportedInterfaceOrientations = UIInterfaceOrientationPortrait;
				INFOPLIST_KEY_UISupportedInterfaceOrientations_iPad = "UIInterfaceOrientationPortrait UIInterfaceOrientationPortraitUpsideDown UIInterfaceOrientationLandscapeLeft UIInterfaceOrientationLandscapeRight";
				INFOPLIST_KEY_UISupportedInterfaceOrientations_iPhone = "UIInterfaceOrientationPortrait UIInterfaceOrientationLandscapeLeft UIInterfaceOrientationLandscapeRight";
				IPHONEOS_DEPLOYMENT_TARGET = 14.0;
				LD_RUNPATH_SEARCH_PATHS = (
					"$(inherited)",
					"@executable_path/Frameworks",
				);
				MARKETING_VERSION = 1.0;
				PRODUCT_BUNDLE_IDENTIFIER = com.tgt.HeyLocal;
				PRODUCT_NAME = "$(TARGET_NAME)";
				SWIFT_EMIT_LOC_STRINGS = YES;
				SWIFT_VERSION = 5.0;
				TARGETED_DEVICE_FAMILY = 1;
			};
			name = Debug;
		};
		EF8FF26928B4D0B300C053B7 /* Release */ = {
			isa = XCBuildConfiguration;
			buildSettings = {
				ASSETCATALOG_COMPILER_APPICON_NAME = AppIcon;
				ASSETCATALOG_COMPILER_GLOBAL_ACCENT_COLOR_NAME = AccentColor;
				CODE_SIGN_STYLE = Automatic;
				CURRENT_PROJECT_VERSION = 1;
				DEVELOPMENT_ASSET_PATHS = "\"HeyLocal/Preview Content\"";
				ENABLE_PREVIEWS = YES;
				GENERATE_INFOPLIST_FILE = YES;
				INFOPLIST_FILE = HeyLocal/Info.plist;
				INFOPLIST_KEY_CFBundleDisplayName = "현지야";
				INFOPLIST_KEY_UIApplicationSceneManifest_Generation = YES;
				INFOPLIST_KEY_UIApplicationSupportsIndirectInputEvents = YES;
				INFOPLIST_KEY_UILaunchScreen_Generation = YES;
				INFOPLIST_KEY_UILaunchStoryboardName = LaunchScreen;
				INFOPLIST_KEY_UISupportedInterfaceOrientations = UIInterfaceOrientationPortrait;
				INFOPLIST_KEY_UISupportedInterfaceOrientations_iPad = "UIInterfaceOrientationPortrait UIInterfaceOrientationPortraitUpsideDown UIInterfaceOrientationLandscapeLeft UIInterfaceOrientationLandscapeRight";
				INFOPLIST_KEY_UISupportedInterfaceOrientations_iPhone = "UIInterfaceOrientationPortrait UIInterfaceOrientationLandscapeLeft UIInterfaceOrientationLandscapeRight";
				IPHONEOS_DEPLOYMENT_TARGET = 14.0;
				LD_RUNPATH_SEARCH_PATHS = (
					"$(inherited)",
					"@executable_path/Frameworks",
				);
				MARKETING_VERSION = 1.0;
				PRODUCT_BUNDLE_IDENTIFIER = com.tgt.HeyLocal;
				PRODUCT_NAME = "$(TARGET_NAME)";
				SWIFT_EMIT_LOC_STRINGS = YES;
				SWIFT_VERSION = 5.0;
				TARGETED_DEVICE_FAMILY = 1;
			};
			name = Release;
		};
/* End XCBuildConfiguration section */

/* Begin XCConfigurationList section */
		EF8FF25428B4D0B100C053B7 /* Build configuration list for PBXProject "HeyLocal" */ = {
			isa = XCConfigurationList;
			buildConfigurations = (
				EF8FF26528B4D0B300C053B7 /* Debug */,
				EF8FF26628B4D0B300C053B7 /* Release */,
			);
			defaultConfigurationIsVisible = 0;
			defaultConfigurationName = Release;
		};
		EF8FF26728B4D0B300C053B7 /* Build configuration list for PBXNativeTarget "HeyLocal" */ = {
			isa = XCConfigurationList;
			buildConfigurations = (
				EF8FF26828B4D0B300C053B7 /* Debug */,
				EF8FF26928B4D0B300C053B7 /* Release */,
			);
			defaultConfigurationIsVisible = 0;
			defaultConfigurationName = Release;
		};
/* End XCConfigurationList section */
	};
	rootObject = EF8FF25128B4D0B100C053B7 /* Project object */;
}
